PODS:
  - Alamofire (5.6.2)
  - SCLAlertView (0.8)
  - SDWebImage (5.13.2):
    - SDWebImage/Core (= 5.13.2)
  - SDWebImage/Core (5.13.2)

DEPENDENCIES:
  - Alamofire
  - SCLAlertView
  - SDWebImage

SPEC REPOS:
  trunk:
    - Alamofire
    - SCLAlertView
    - SDWebImage

SPEC CHECKSUMS:
  Alamofire: d368e1ff8a298e6dde360e35a3e68e6c610e7204
  SCLAlertView: 6a77bb2edfc65e04dbe57725546cb4107a506b85
  SDWebImage: 72f86271a6f3139cc7e4a89220946489d4b9a866

PODFILE CHECKSUM: 232b65c09a95613c9416212fc3b43cb6577ab53b

COCOAPODS: 1.11.3
