PODS:
  - ACFloatingTextfield-Swift (1.8)
  - Alamofire (5.6.4)
  - IQKeyboardManagerSwift (6.5.10)
  - SCLAlertView (0.8)
  - SDWebImage (5.14.1):
    - SDWebImage/Core (= 5.14.1)
  - SDWebImage/Core (5.14.1)

DEPENDENCIES:
  - ACFloatingTextfield-Swift
  - Alamofire
  - IQKeyboardManagerSwift
  - SCLAlertView
  - SDWebImage

SPEC REPOS:
  trunk:
    - ACFloatingTextfield-Swift
    - Alamofire
    - IQKeyboardManagerSwift
    - SCLAlertView
    - SDWebImage

SPEC CHECKSUMS:
  ACFloatingTextfield-Swift: c3212cef9548ae58fa914ea1c26a2f9a4f7cd7df
  Alamofire: 4e95d97098eacb88856099c4fc79b526a299e48c
  IQKeyboardManagerSwift: 52962c76ab33532f15ad9f3ff4e5715eda5335bb
  SCLAlertView: 6a77bb2edfc65e04dbe57725546cb4107a506b85
  SDWebImage: e1b3c38f170c6100130fce6856e423ed9e5f4fce

PODFILE CHECKSUM: f62edb856931ce8555b3af50383770ed54ba95f8

COCOAPODS: 1.11.3
