PODS:
  - ACFloatingTextfield-Swift (1.8)
  - Alamofire (5.6.4)
  - IQKeyboardManagerSwift (6.5.10)
  - SCLAlertView (0.8)
  - SDWebImage (5.14.2):
    - SDWebImage/Core (= 5.14.2)
  - SDWebImage/Core (5.14.2)
  - SideMenu (6.5.0)

DEPENDENCIES:
  - ACFloatingTextfield-Swift
  - Alamofire
  - IQKeyboardManagerSwift
  - SCLAlertView
  - SDWebImage
  - SideMenu

SPEC REPOS:
  trunk:
    - ACFloatingTextfield-Swift
    - Alamofire
    - IQKeyboardManagerSwift
    - SCLAlertView
    - SDWebImage
    - SideMenu

SPEC CHECKSUMS:
  ACFloatingTextfield-Swift: c3212cef9548ae58fa914ea1c26a2f9a4f7cd7df
  Alamofire: 4e95d97098eacb88856099c4fc79b526a299e48c
  IQKeyboardManagerSwift: 52962c76ab33532f15ad9f3ff4e5715eda5335bb
  SCLAlertView: 6a77bb2edfc65e04dbe57725546cb4107a506b85
  SDWebImage: b9a731e1d6307f44ca703b3976d18c24ca561e84
  SideMenu: f583187d21c5b1dd04c72002be544b555a2627a2

PODFILE CHECKSUM: fc31e4e893a7ce68d56a821af20edfd8573e49f2

COCOAPODS: 1.11.3
