// !$*UTF8*$!
{
	archiveVersion = 1;
	classes = {
	};
	objectVersion = 55;
	objects = {

/* Begin PBXBuildFile section */
		1D00A0D2298AB19000700418 /* CSDashBoardRouter.swift in Sources */ = {isa = PBXBuildFile; fileRef = 1D00A0D1298AB19000700418 /* CSDashBoardRouter.swift */; };
		1D0BDED3298258BB00CC2030 /* MessageVC.swift in Sources */ = {isa = PBXBuildFile; fileRef = 1D0BDED1298258BB00CC2030 /* MessageVC.swift */; };
		1D0BDED4298258BB00CC2030 /* MessageVC.xib in Resources */ = {isa = PBXBuildFile; fileRef = 1D0BDED2298258BB00CC2030 /* MessageVC.xib */; };
		1D0BDED82982645400CC2030 /* MessageTVC.swift in Sources */ = {isa = PBXBuildFile; fileRef = 1D0BDED62982645400CC2030 /* MessageTVC.swift */; };
		1D0BDED92982645400CC2030 /* MessageTVC.xib in Resources */ = {isa = PBXBuildFile; fileRef = 1D0BDED72982645400CC2030 /* MessageTVC.xib */; };
		1D0BDEDD29826EC700CC2030 /* VounteerVC.swift in Sources */ = {isa = PBXBuildFile; fileRef = 1D0BDEDB29826EC700CC2030 /* VounteerVC.swift */; };
		1D0BDEDE29826EC700CC2030 /* VounteerVC.xib in Resources */ = {isa = PBXBuildFile; fileRef = 1D0BDEDC29826EC700CC2030 /* VounteerVC.xib */; };
		1D0BDEE229826EE700CC2030 /* VounteerTVC.swift in Sources */ = {isa = PBXBuildFile; fileRef = 1D0BDEE029826EE700CC2030 /* VounteerTVC.swift */; };
		1D0BDEE329826EE700CC2030 /* VounteerTVC.xib in Resources */ = {isa = PBXBuildFile; fileRef = 1D0BDEE129826EE700CC2030 /* VounteerTVC.xib */; };
		1D1442F62983E67C001F3B15 /* PendingShiftVC.swift in Sources */ = {isa = PBXBuildFile; fileRef = 1D1442F42983E67C001F3B15 /* PendingShiftVC.swift */; };
		1D1442F72983E67C001F3B15 /* PendingShiftVC.xib in Resources */ = {isa = PBXBuildFile; fileRef = 1D1442F52983E67C001F3B15 /* PendingShiftVC.xib */; };
		1D1442FB2983E69B001F3B15 /* PendingShiftTVC.swift in Sources */ = {isa = PBXBuildFile; fileRef = 1D1442F92983E69B001F3B15 /* PendingShiftTVC.swift */; };
		1D1442FC2983E69B001F3B15 /* PendingShiftTVC.xib in Resources */ = {isa = PBXBuildFile; fileRef = 1D1442FA2983E69B001F3B15 /* PendingShiftTVC.xib */; };
		1D144300298404ED001F3B15 /* EventVC.swift in Sources */ = {isa = PBXBuildFile; fileRef = 1D1442FE298404ED001F3B15 /* EventVC.swift */; };
		1D144301298404ED001F3B15 /* EventVC.xib in Resources */ = {isa = PBXBuildFile; fileRef = 1D1442FF298404ED001F3B15 /* EventVC.xib */; };
		1D1443052984051C001F3B15 /* EventTVC.swift in Sources */ = {isa = PBXBuildFile; fileRef = 1D1443032984051C001F3B15 /* EventTVC.swift */; };
		1D1443062984051C001F3B15 /* EventTVC.xib in Resources */ = {isa = PBXBuildFile; fileRef = 1D1443042984051C001F3B15 /* EventTVC.xib */; };
		1D4DE841297FB4C600246242 /* ForgetVC.xib in Resources */ = {isa = PBXBuildFile; fileRef = 1D4DE83C297FB4C600246242 /* ForgetVC.xib */; };
		1D4DE842297FB4C600246242 /* ForgetVC.swift in Sources */ = {isa = PBXBuildFile; fileRef = 1D4DE83D297FB4C600246242 /* ForgetVC.swift */; };
		1D4DE843297FB4C600246242 /* LandingVC.xib in Resources */ = {isa = PBXBuildFile; fileRef = 1D4DE83F297FB4C600246242 /* LandingVC.xib */; };
		1D4DE844297FB4C600246242 /* LandingVC.swift in Sources */ = {isa = PBXBuildFile; fileRef = 1D4DE840297FB4C600246242 /* LandingVC.swift */; };
		1D4DE84A297FB51C00246242 /* NSURL.swift in Sources */ = {isa = PBXBuildFile; fileRef = 1D4DE845297FB51C00246242 /* NSURL.swift */; };
		1D4DE84C297FB51C00246242 /* UIButton.swift in Sources */ = {isa = PBXBuildFile; fileRef = 1D4DE847297FB51C00246242 /* UIButton.swift */; };
		1D4DE84D297FB51C00246242 /* NSString.swift in Sources */ = {isa = PBXBuildFile; fileRef = 1D4DE848297FB51C00246242 /* NSString.swift */; };
		1D4DE84E297FB51C00246242 /* Validate.swift in Sources */ = {isa = PBXBuildFile; fileRef = 1D4DE849297FB51C00246242 /* Validate.swift */; };
		1D4DE850297FB57300246242 /* ACFloatingTextfield.swift in Sources */ = {isa = PBXBuildFile; fileRef = 1D4DE84F297FB57300246242 /* ACFloatingTextfield.swift */; };
		1D4DE854297FBC4000246242 /* CSDashBoardVC.swift in Sources */ = {isa = PBXBuildFile; fileRef = 1D4DE852297FBC4000246242 /* CSDashBoardVC.swift */; };
		1D4DE855297FBC4000246242 /* CSDashBoardVC.xib in Resources */ = {isa = PBXBuildFile; fileRef = 1D4DE853297FBC4000246242 /* CSDashBoardVC.xib */; };
		1D4DE859297FC4BA00246242 /* CSDashBaordCVC.swift in Sources */ = {isa = PBXBuildFile; fileRef = 1D4DE857297FC4BA00246242 /* CSDashBaordCVC.swift */; };
		1D4DE85A297FC4BA00246242 /* CSDashBaordCVC.xib in Resources */ = {isa = PBXBuildFile; fileRef = 1D4DE858297FC4BA00246242 /* CSDashBaordCVC.xib */; };
		1D4DE85D297FE33C00246242 /* CommonModel.swift in Sources */ = {isa = PBXBuildFile; fileRef = 1D4DE85C297FE33C00246242 /* CommonModel.swift */; };
		1DF176E32985241D005809C6 /* PendingEventVC.swift in Sources */ = {isa = PBXBuildFile; fileRef = 1DF176E12985241D005809C6 /* PendingEventVC.swift */; };
		1DF176E42985241D005809C6 /* PendingEventVC.xib in Resources */ = {isa = PBXBuildFile; fileRef = 1DF176E22985241D005809C6 /* PendingEventVC.xib */; };
		1DF176E929852448005809C6 /* PendingEventTVC.swift in Sources */ = {isa = PBXBuildFile; fileRef = 1DF176E729852448005809C6 /* PendingEventTVC.swift */; };
		1DF176EA29852448005809C6 /* PendingEventTVC.xib in Resources */ = {isa = PBXBuildFile; fileRef = 1DF176E829852448005809C6 /* PendingEventTVC.xib */; };
		1DF176EF29852F7A005809C6 /* PastEventTVC.swift in Sources */ = {isa = PBXBuildFile; fileRef = 1DF176ED29852F7A005809C6 /* PastEventTVC.swift */; };
		1DF176F029852F7A005809C6 /* PastEventTVC.xib in Resources */ = {isa = PBXBuildFile; fileRef = 1DF176EE29852F7A005809C6 /* PastEventTVC.xib */; };
		1DF176F2298904BA005809C6 /* PendingShiftResponseModel.swift in Sources */ = {isa = PBXBuildFile; fileRef = 1DF176F1298904BA005809C6 /* PendingShiftResponseModel.swift */; };
		1DF176F629892078005809C6 /* DateFormatter.swift in Sources */ = {isa = PBXBuildFile; fileRef = 1DF176F529892078005809C6 /* DateFormatter.swift */; };
		1DF176FC29893B40005809C6 /* EventRouter.swift in Sources */ = {isa = PBXBuildFile; fileRef = 1DF176FB29893B40005809C6 /* EventRouter.swift */; };
		1DF176FE29893E52005809C6 /* EventsModel.swift in Sources */ = {isa = PBXBuildFile; fileRef = 1DF176FD29893E52005809C6 /* EventsModel.swift */; };
		1DF1770029893ECA005809C6 /* MessageModel.swift in Sources */ = {isa = PBXBuildFile; fileRef = 1DF176FF29893ECA005809C6 /* MessageModel.swift */; };
		1DF1770229893ED8005809C6 /* VolunteerModel.swift in Sources */ = {isa = PBXBuildFile; fileRef = 1DF1770129893ED8005809C6 /* VolunteerModel.swift */; };
		353C6107281213A500CC8B7F /* AppDelegate.swift in Sources */ = {isa = PBXBuildFile; fileRef = 353C6106281213A500CC8B7F /* AppDelegate.swift */; };
		353C6109281213A500CC8B7F /* SceneDelegate.swift in Sources */ = {isa = PBXBuildFile; fileRef = 353C6108281213A500CC8B7F /* SceneDelegate.swift */; };
		353C610E281213A500CC8B7F /* Main.storyboard in Resources */ = {isa = PBXBuildFile; fileRef = 353C610C281213A500CC8B7F /* Main.storyboard */; };
		353C6110281213A600CC8B7F /* Assets.xcassets in Resources */ = {isa = PBXBuildFile; fileRef = 353C610F281213A600CC8B7F /* Assets.xcassets */; };
		353C6113281213A600CC8B7F /* LaunchScreen.storyboard in Resources */ = {isa = PBXBuildFile; fileRef = 353C6111281213A600CC8B7F /* LaunchScreen.storyboard */; };
		353C61452813EF9600CC8B7F /* ENTALDAppConfig.swift in Sources */ = {isa = PBXBuildFile; fileRef = 353C61442813EF9600CC8B7F /* ENTALDAppConfig.swift */; };
		353C61472813F0CE00CC8B7F /* ENTALDAPIConfig.swift in Sources */ = {isa = PBXBuildFile; fileRef = 353C61462813F0CE00CC8B7F /* ENTALDAPIConfig.swift */; };
		353C61492813F16900CC8B7F /* ENTALDConst.swift in Sources */ = {isa = PBXBuildFile; fileRef = 353C61482813F16900CC8B7F /* ENTALDConst.swift */; };
		353C614D28140B6B00CC8B7F /* ENTALDHomeViewController.swift in Sources */ = {isa = PBXBuildFile; fileRef = 353C614B28140B6B00CC8B7F /* ENTALDHomeViewController.swift */; };
		353C614E28140B6B00CC8B7F /* ENTALDHomeViewController.xib in Resources */ = {isa = PBXBuildFile; fileRef = 353C614C28140B6B00CC8B7F /* ENTALDHomeViewController.xib */; };
		353C615A28140D5800CC8B7F /* ENTALDBaseViewController.swift in Sources */ = {isa = PBXBuildFile; fileRef = 353C615928140D5800CC8B7F /* ENTALDBaseViewController.swift */; };
		353C615F2814685900CC8B7F /* ENTALDControllers.swift in Sources */ = {isa = PBXBuildFile; fileRef = 353C615E2814685900CC8B7F /* ENTALDControllers.swift */; };
		353C61642814810700CC8B7F /* UIApplication+Extension.swift in Sources */ = {isa = PBXBuildFile; fileRef = 353C61632814810700CC8B7F /* UIApplication+Extension.swift */; };
		353C61662814815C00CC8B7F /* ENTALDBaseNavigationController.swift in Sources */ = {isa = PBXBuildFile; fileRef = 353C61652814815C00CC8B7F /* ENTALDBaseNavigationController.swift */; };
		353C617D2814CFEF00CC8B7F /* NSBundle+Extension.swift in Sources */ = {isa = PBXBuildFile; fileRef = 353C617C2814CFEF00CC8B7F /* NSBundle+Extension.swift */; };
		353C6180281678F900CC8B7F /* splash_loading2.gif in Resources */ = {isa = PBXBuildFile; fileRef = 353C617F281678F900CC8B7F /* splash_loading2.gif */; };
		353C61822816931000CC8B7F /* ENTALDLibraryAPI.swift in Sources */ = {isa = PBXBuildFile; fileRef = 353C61812816931000CC8B7F /* ENTALDLibraryAPI.swift */; };
		353C61842816948500CC8B7F /* ENTALDAPIConst.swift in Sources */ = {isa = PBXBuildFile; fileRef = 353C61832816948500CC8B7F /* ENTALDAPIConst.swift */; };
		353C6186281695DD00CC8B7F /* ENTALDDevicesUtil.swift in Sources */ = {isa = PBXBuildFile; fileRef = 353C6185281695DD00CC8B7F /* ENTALDDevicesUtil.swift */; };
		353C61882816A2EF00CC8B7F /* ENTALDAPIErrorUtil.swift in Sources */ = {isa = PBXBuildFile; fileRef = 353C61872816A2EF00CC8B7F /* ENTALDAPIErrorUtil.swift */; };
		353C618A2816A7F500CC8B7F /* ENTALDHttpClient.swift in Sources */ = {isa = PBXBuildFile; fileRef = 353C61892816A7F500CC8B7F /* ENTALDHttpClient.swift */; };
		353C618C2816AC1C00CC8B7F /* ENTALDAPIUtils.swift in Sources */ = {isa = PBXBuildFile; fileRef = 353C618B2816AC1C00CC8B7F /* ENTALDAPIUtils.swift */; };
		353C618E2816B07900CC8B7F /* ENTALDNetworkRequest.swift in Sources */ = {isa = PBXBuildFile; fileRef = 353C618D2816B07900CC8B7F /* ENTALDNetworkRequest.swift */; };
		353C619A2817D56500CC8B7F /* ENTALDDictionary+Extension.swift in Sources */ = {isa = PBXBuildFile; fileRef = 353C61992817D56500CC8B7F /* ENTALDDictionary+Extension.swift */; };
		353C61A32817D7B600CC8B7F /* ENTALDHelperUtils.swift in Sources */ = {isa = PBXBuildFile; fileRef = 353C61A22817D7B600CC8B7F /* ENTALDHelperUtils.swift */; };
		359E9C16282B7077001E3D73 /* ENTALDLocalizable.strings in Resources */ = {isa = PBXBuildFile; fileRef = 359E9C18282B7077001E3D73 /* ENTALDLocalizable.strings */; };
		359E9C1A282B71AC001E3D73 /* ENTALDString+Extension.swift in Sources */ = {isa = PBXBuildFile; fileRef = 359E9C19282B71AC001E3D73 /* ENTALDString+Extension.swift */; };
		359E9C1C282B7598001E3D73 /* ENTALDUIFont+Extension.swift in Sources */ = {isa = PBXBuildFile; fileRef = 359E9C1B282B7598001E3D73 /* ENTALDUIFont+Extension.swift */; };
		359E9C20282B812D001E3D73 /* ENTALDAlertView.swift in Sources */ = {isa = PBXBuildFile; fileRef = 359E9C1F282B812D001E3D73 /* ENTALDAlertView.swift */; };
		359E9C22282B8148001E3D73 /* ENTALDAlertView.xib in Resources */ = {isa = PBXBuildFile; fileRef = 359E9C21282B8148001E3D73 /* ENTALDAlertView.xib */; };
		359E9C24282B96F2001E3D73 /* CommonEnums.swift in Sources */ = {isa = PBXBuildFile; fileRef = 359E9C23282B96F2001E3D73 /* CommonEnums.swift */; };
		359E9C33282D46D9001E3D73 /* ENTALDDummyDataUtils.swift in Sources */ = {isa = PBXBuildFile; fileRef = 359E9C32282D46D9001E3D73 /* ENTALDDummyDataUtils.swift */; };
		359E9C35282D47C2001E3D73 /* onBoardingJson.json in Resources */ = {isa = PBXBuildFile; fileRef = 359E9C34282D47C2001E3D73 /* onBoardingJson.json */; };
		359E9C5C282E455F001E3D73 /* CoreTableHeaderFooterView.swift in Sources */ = {isa = PBXBuildFile; fileRef = 359E9C4C282E455F001E3D73 /* CoreTableHeaderFooterView.swift */; };
		359E9C5D282E455F001E3D73 /* CoreTableView.swift in Sources */ = {isa = PBXBuildFile; fileRef = 359E9C4D282E455F001E3D73 /* CoreTableView.swift */; };
		359E9C5E282E455F001E3D73 /* CoreTableViewCell.swift in Sources */ = {isa = PBXBuildFile; fileRef = 359E9C4E282E455F001E3D73 /* CoreTableViewCell.swift */; };
		359E9C5F282E455F001E3D73 /* CoreCollectionView.swift in Sources */ = {isa = PBXBuildFile; fileRef = 359E9C50282E455F001E3D73 /* CoreCollectionView.swift */; };
		359E9C60282E455F001E3D73 /* CoreCollectionViewCell.swift in Sources */ = {isa = PBXBuildFile; fileRef = 359E9C51282E455F001E3D73 /* CoreCollectionViewCell.swift */; };
		359E9C62282E455F001E3D73 /* CoreRefreshControl.swift in Sources */ = {isa = PBXBuildFile; fileRef = 359E9C53282E455F001E3D73 /* CoreRefreshControl.swift */; };
		359E9C64282E455F001E3D73 /* CoreControls.swift in Sources */ = {isa = PBXBuildFile; fileRef = 359E9C55282E455F001E3D73 /* CoreControls.swift */; };
		359E9C65282E455F001E3D73 /* CoreLabel.swift in Sources */ = {isa = PBXBuildFile; fileRef = 359E9C56282E455F001E3D73 /* CoreLabel.swift */; };
		359E9C66282E455F001E3D73 /* CoreTextField.swift in Sources */ = {isa = PBXBuildFile; fileRef = 359E9C57282E455F001E3D73 /* CoreTextField.swift */; };
		359E9C67282E455F001E3D73 /* CoreButton.swift in Sources */ = {isa = PBXBuildFile; fileRef = 359E9C58282E455F001E3D73 /* CoreButton.swift */; };
		359E9C69282E4B34001E3D73 /* ENNTALDUIView+Extension.swift in Sources */ = {isa = PBXBuildFile; fileRef = 359E9C68282E4B34001E3D73 /* ENNTALDUIView+Extension.swift */; };
		359E9C6B282E6DE4001E3D73 /* ENTALDUIColor+Extension.swift in Sources */ = {isa = PBXBuildFile; fileRef = 359E9C6A282E6DE4001E3D73 /* ENTALDUIColor+Extension.swift */; };
		359E9C6D282E7914001E3D73 /* ENTALDUIImageView+Extension.swift in Sources */ = {isa = PBXBuildFile; fileRef = 359E9C6C282E7914001E3D73 /* ENTALDUIImageView+Extension.swift */; };
		359E9C70282EA32F001E3D73 /* ENTALDTabbarViewController.swift in Sources */ = {isa = PBXBuildFile; fileRef = 359E9C6F282EA32F001E3D73 /* ENTALDTabbarViewController.swift */; };
		359E9C76282EA58E001E3D73 /* ENTALDOffersViewController.swift in Sources */ = {isa = PBXBuildFile; fileRef = 359E9C74282EA58E001E3D73 /* ENTALDOffersViewController.swift */; };
		359E9C77282EA58E001E3D73 /* ENTALDOffersViewController.xib in Resources */ = {isa = PBXBuildFile; fileRef = 359E9C75282EA58E001E3D73 /* ENTALDOffersViewController.xib */; };
		6B03168A67F3B7478E7C740F /* Pods_StJhonsAmbulance.framework in Frameworks */ = {isa = PBXBuildFile; fileRef = 65CB4DE9AB000AE91BFB9399 /* Pods_StJhonsAmbulance.framework */; };
		74DC25C35F0027C45A146D37 /* Pods_StJhonsAmbulanceTests.framework in Frameworks */ = {isa = PBXBuildFile; fileRef = 3A3366737A0F46F41C9C050F /* Pods_StJhonsAmbulanceTests.framework */; };
		CBBF866E9500D4C5310D30E4 /* Pods_StJhonsAmbulance_StJhonsAmbulanceUITests.framework in Frameworks */ = {isa = PBXBuildFile; fileRef = 384D5212F5153F6EBC44A59B /* Pods_StJhonsAmbulance_StJhonsAmbulanceUITests.framework */; };
		E47F99BC297DC8F900BF793B /* DashboardVC.swift in Sources */ = {isa = PBXBuildFile; fileRef = E47F99BA297DC8F900BF793B /* DashboardVC.swift */; };
		E47F99BD297DC8F900BF793B /* DashboardVC.xib in Resources */ = {isa = PBXBuildFile; fileRef = E47F99BB297DC8F900BF793B /* DashboardVC.xib */; };
		E48359A8297D6527008CBFFF /* LoadingView.swift in Sources */ = {isa = PBXBuildFile; fileRef = E48359A7297D6527008CBFFF /* LoadingView.swift */; };
		E48359AB297D66E3008CBFFF /* AuthRequestModel.swift in Sources */ = {isa = PBXBuildFile; fileRef = E48359AA297D66E3008CBFFF /* AuthRequestModel.swift */; };
		E48359AE297D6B44008CBFFF /* AuthResponseModel.swift in Sources */ = {isa = PBXBuildFile; fileRef = E48359AD297D6B44008CBFFF /* AuthResponseModel.swift */; };
		E48359B6297D7887008CBFFF /* Jwt.m in Sources */ = {isa = PBXBuildFile; fileRef = E48359B4297D7886008CBFFF /* Jwt.m */; };
		E48359B7297D7887008CBFFF /* Algorithm.m in Sources */ = {isa = PBXBuildFile; fileRef = E48359B5297D7887008CBFFF /* Algorithm.m */; };
		E48359BE297DCDE5008CBFFF /* UserDefault+Extension.swift in Sources */ = {isa = PBXBuildFile; fileRef = E48359BD297DCDE4008CBFFF /* UserDefault+Extension.swift */; };
		E48359C0297E6C68008CBFFF /* LandingRouter.swift in Sources */ = {isa = PBXBuildFile; fileRef = E48359BF297E6C68008CBFFF /* LandingRouter.swift */; };
		E48359D429811189008CBFFF /* LandingGroupsModel.swift in Sources */ = {isa = PBXBuildFile; fileRef = E48359D329811189008CBFFF /* LandingGroupsModel.swift */; };
		E48359D829812AAF008CBFFF /* PickerViewController.swift in Sources */ = {isa = PBXBuildFile; fileRef = E48359D629812AAF008CBFFF /* PickerViewController.swift */; };
		E48359D929812AAF008CBFFF /* PickerViewController.xib in Resources */ = {isa = PBXBuildFile; fileRef = E48359D729812AAF008CBFFF /* PickerViewController.xib */; };
		E48359DB29813459008CBFFF /* ProcessUtils.swift in Sources */ = {isa = PBXBuildFile; fileRef = E48359DA29813459008CBFFF /* ProcessUtils.swift */; };
		E4B2EF04297C4D9C00D05014 /* Router.swift in Sources */ = {isa = PBXBuildFile; fileRef = E4B2EF03297C4D9C00D05014 /* Router.swift */; };
		E4B2EF06297C50AC00D05014 /* LoginRouter.swift in Sources */ = {isa = PBXBuildFile; fileRef = E4B2EF05297C50AC00D05014 /* LoginRouter.swift */; };
		E4B2EF0C297C57EB00D05014 /* Quicksand-Bold.ttf in Resources */ = {isa = PBXBuildFile; fileRef = E4B2EF07297C57EA00D05014 /* Quicksand-Bold.ttf */; };
		E4B2EF0D297C57EB00D05014 /* Quicksand-SemiBold.ttf in Resources */ = {isa = PBXBuildFile; fileRef = E4B2EF08297C57EA00D05014 /* Quicksand-SemiBold.ttf */; };
		E4B2EF0E297C57EB00D05014 /* Quicksand-Regular.ttf in Resources */ = {isa = PBXBuildFile; fileRef = E4B2EF09297C57EB00D05014 /* Quicksand-Regular.ttf */; };
		E4B2EF0F297C57EB00D05014 /* Quicksand-Medium.ttf in Resources */ = {isa = PBXBuildFile; fileRef = E4B2EF0A297C57EB00D05014 /* Quicksand-Medium.ttf */; };
		E4B2EF10297C57EB00D05014 /* Quicksand-Light.ttf in Resources */ = {isa = PBXBuildFile; fileRef = E4B2EF0B297C57EB00D05014 /* Quicksand-Light.ttf */; };
		E4B2EF16297C633C00D05014 /* LoginVC.swift in Sources */ = {isa = PBXBuildFile; fileRef = E4B2EF14297C633C00D05014 /* LoginVC.swift */; };
		E4B2EF19297C6B9200D05014 /* LoginVC.xib in Resources */ = {isa = PBXBuildFile; fileRef = E4B2EF15297C633C00D05014 /* LoginVC.xib */; };
		E4F7CB0F297E121000428A4E /* SideMenuVC.swift in Sources */ = {isa = PBXBuildFile; fileRef = E4F7CB0A297E121000428A4E /* SideMenuVC.swift */; };
		E4F7CB10297E121000428A4E /* SideMenuVC.xib in Resources */ = {isa = PBXBuildFile; fileRef = E4F7CB0B297E121000428A4E /* SideMenuVC.xib */; };
		E4F7CB11297E121000428A4E /* SideMenuTVC.xib in Resources */ = {isa = PBXBuildFile; fileRef = E4F7CB0D297E121000428A4E /* SideMenuTVC.xib */; };
		E4F7CB12297E121000428A4E /* SideMenuTVC.swift in Sources */ = {isa = PBXBuildFile; fileRef = E4F7CB0E297E121000428A4E /* SideMenuTVC.swift */; };
/* End PBXBuildFile section */

/* Begin PBXContainerItemProxy section */
		353C611A281213A600CC8B7F /* PBXContainerItemProxy */ = {
			isa = PBXContainerItemProxy;
			containerPortal = 353C60FB281213A500CC8B7F /* Project object */;
			proxyType = 1;
			remoteGlobalIDString = 353C6102281213A500CC8B7F;
			remoteInfo = ENTADRO;
		};
		353C6124281213A600CC8B7F /* PBXContainerItemProxy */ = {
			isa = PBXContainerItemProxy;
			containerPortal = 353C60FB281213A500CC8B7F /* Project object */;
			proxyType = 1;
			remoteGlobalIDString = 353C6102281213A500CC8B7F;
			remoteInfo = ENTADRO;
		};
/* End PBXContainerItemProxy section */

/* Begin PBXFileReference section */
		17C9EFF5DCD181366AD8E0B7 /* Pods-StJhonsAmbulanceTests.release.xcconfig */ = {isa = PBXFileReference; includeInIndex = 1; lastKnownFileType = text.xcconfig; name = "Pods-StJhonsAmbulanceTests.release.xcconfig"; path = "Target Support Files/Pods-StJhonsAmbulanceTests/Pods-StJhonsAmbulanceTests.release.xcconfig"; sourceTree = "<group>"; };
		1D00A0D1298AB19000700418 /* CSDashBoardRouter.swift */ = {isa = PBXFileReference; lastKnownFileType = sourcecode.swift; path = CSDashBoardRouter.swift; sourceTree = "<group>"; };
		1D0BDED1298258BB00CC2030 /* MessageVC.swift */ = {isa = PBXFileReference; lastKnownFileType = sourcecode.swift; path = MessageVC.swift; sourceTree = "<group>"; };
		1D0BDED2298258BB00CC2030 /* MessageVC.xib */ = {isa = PBXFileReference; lastKnownFileType = file.xib; path = MessageVC.xib; sourceTree = "<group>"; };
		1D0BDED62982645400CC2030 /* MessageTVC.swift */ = {isa = PBXFileReference; lastKnownFileType = sourcecode.swift; path = MessageTVC.swift; sourceTree = "<group>"; };
		1D0BDED72982645400CC2030 /* MessageTVC.xib */ = {isa = PBXFileReference; lastKnownFileType = file.xib; path = MessageTVC.xib; sourceTree = "<group>"; };
		1D0BDEDB29826EC700CC2030 /* VounteerVC.swift */ = {isa = PBXFileReference; lastKnownFileType = sourcecode.swift; path = VounteerVC.swift; sourceTree = "<group>"; };
		1D0BDEDC29826EC700CC2030 /* VounteerVC.xib */ = {isa = PBXFileReference; lastKnownFileType = file.xib; path = VounteerVC.xib; sourceTree = "<group>"; };
		1D0BDEE029826EE700CC2030 /* VounteerTVC.swift */ = {isa = PBXFileReference; lastKnownFileType = sourcecode.swift; path = VounteerTVC.swift; sourceTree = "<group>"; };
		1D0BDEE129826EE700CC2030 /* VounteerTVC.xib */ = {isa = PBXFileReference; lastKnownFileType = file.xib; path = VounteerTVC.xib; sourceTree = "<group>"; };
		1D1442F42983E67C001F3B15 /* PendingShiftVC.swift */ = {isa = PBXFileReference; lastKnownFileType = sourcecode.swift; path = PendingShiftVC.swift; sourceTree = "<group>"; };
		1D1442F52983E67C001F3B15 /* PendingShiftVC.xib */ = {isa = PBXFileReference; lastKnownFileType = file.xib; path = PendingShiftVC.xib; sourceTree = "<group>"; };
		1D1442F92983E69B001F3B15 /* PendingShiftTVC.swift */ = {isa = PBXFileReference; lastKnownFileType = sourcecode.swift; path = PendingShiftTVC.swift; sourceTree = "<group>"; };
		1D1442FA2983E69B001F3B15 /* PendingShiftTVC.xib */ = {isa = PBXFileReference; lastKnownFileType = file.xib; path = PendingShiftTVC.xib; sourceTree = "<group>"; };
		1D1442FE298404ED001F3B15 /* EventVC.swift */ = {isa = PBXFileReference; lastKnownFileType = sourcecode.swift; path = EventVC.swift; sourceTree = "<group>"; };
		1D1442FF298404ED001F3B15 /* EventVC.xib */ = {isa = PBXFileReference; lastKnownFileType = file.xib; path = EventVC.xib; sourceTree = "<group>"; };
		1D1443032984051C001F3B15 /* EventTVC.swift */ = {isa = PBXFileReference; lastKnownFileType = sourcecode.swift; path = EventTVC.swift; sourceTree = "<group>"; };
		1D1443042984051C001F3B15 /* EventTVC.xib */ = {isa = PBXFileReference; lastKnownFileType = file.xib; path = EventTVC.xib; sourceTree = "<group>"; };
		1D4DE83C297FB4C600246242 /* ForgetVC.xib */ = {isa = PBXFileReference; fileEncoding = 4; lastKnownFileType = file.xib; path = ForgetVC.xib; sourceTree = "<group>"; };
		1D4DE83D297FB4C600246242 /* ForgetVC.swift */ = {isa = PBXFileReference; fileEncoding = 4; lastKnownFileType = sourcecode.swift; path = ForgetVC.swift; sourceTree = "<group>"; };
		1D4DE83F297FB4C600246242 /* LandingVC.xib */ = {isa = PBXFileReference; fileEncoding = 4; lastKnownFileType = file.xib; path = LandingVC.xib; sourceTree = "<group>"; };
		1D4DE840297FB4C600246242 /* LandingVC.swift */ = {isa = PBXFileReference; fileEncoding = 4; lastKnownFileType = sourcecode.swift; path = LandingVC.swift; sourceTree = "<group>"; };
		1D4DE845297FB51C00246242 /* NSURL.swift */ = {isa = PBXFileReference; fileEncoding = 4; lastKnownFileType = sourcecode.swift; path = NSURL.swift; sourceTree = "<group>"; };
		1D4DE847297FB51C00246242 /* UIButton.swift */ = {isa = PBXFileReference; fileEncoding = 4; lastKnownFileType = sourcecode.swift; path = UIButton.swift; sourceTree = "<group>"; };
		1D4DE848297FB51C00246242 /* NSString.swift */ = {isa = PBXFileReference; fileEncoding = 4; lastKnownFileType = sourcecode.swift; path = NSString.swift; sourceTree = "<group>"; };
		1D4DE849297FB51C00246242 /* Validate.swift */ = {isa = PBXFileReference; fileEncoding = 4; lastKnownFileType = sourcecode.swift; path = Validate.swift; sourceTree = "<group>"; };
		1D4DE84F297FB57300246242 /* ACFloatingTextfield.swift */ = {isa = PBXFileReference; fileEncoding = 4; lastKnownFileType = sourcecode.swift; path = ACFloatingTextfield.swift; sourceTree = "<group>"; };
		1D4DE852297FBC4000246242 /* CSDashBoardVC.swift */ = {isa = PBXFileReference; lastKnownFileType = sourcecode.swift; path = CSDashBoardVC.swift; sourceTree = "<group>"; };
		1D4DE853297FBC4000246242 /* CSDashBoardVC.xib */ = {isa = PBXFileReference; lastKnownFileType = file.xib; path = CSDashBoardVC.xib; sourceTree = "<group>"; };
		1D4DE857297FC4BA00246242 /* CSDashBaordCVC.swift */ = {isa = PBXFileReference; lastKnownFileType = sourcecode.swift; path = CSDashBaordCVC.swift; sourceTree = "<group>"; };
		1D4DE858297FC4BA00246242 /* CSDashBaordCVC.xib */ = {isa = PBXFileReference; lastKnownFileType = file.xib; path = CSDashBaordCVC.xib; sourceTree = "<group>"; };
		1D4DE85C297FE33C00246242 /* CommonModel.swift */ = {isa = PBXFileReference; lastKnownFileType = sourcecode.swift; path = CommonModel.swift; sourceTree = "<group>"; };
		1DF176E12985241D005809C6 /* PendingEventVC.swift */ = {isa = PBXFileReference; lastKnownFileType = sourcecode.swift; path = PendingEventVC.swift; sourceTree = "<group>"; };
		1DF176E22985241D005809C6 /* PendingEventVC.xib */ = {isa = PBXFileReference; lastKnownFileType = file.xib; path = PendingEventVC.xib; sourceTree = "<group>"; };
		1DF176E729852448005809C6 /* PendingEventTVC.swift */ = {isa = PBXFileReference; lastKnownFileType = sourcecode.swift; path = PendingEventTVC.swift; sourceTree = "<group>"; };
		1DF176E829852448005809C6 /* PendingEventTVC.xib */ = {isa = PBXFileReference; lastKnownFileType = file.xib; path = PendingEventTVC.xib; sourceTree = "<group>"; };
		1DF176ED29852F7A005809C6 /* PastEventTVC.swift */ = {isa = PBXFileReference; lastKnownFileType = sourcecode.swift; path = PastEventTVC.swift; sourceTree = "<group>"; };
		1DF176EE29852F7A005809C6 /* PastEventTVC.xib */ = {isa = PBXFileReference; lastKnownFileType = file.xib; path = PastEventTVC.xib; sourceTree = "<group>"; };
		1DF176F1298904BA005809C6 /* PendingShiftResponseModel.swift */ = {isa = PBXFileReference; lastKnownFileType = sourcecode.swift; path = PendingShiftResponseModel.swift; sourceTree = "<group>"; };
		1DF176F529892078005809C6 /* DateFormatter.swift */ = {isa = PBXFileReference; lastKnownFileType = sourcecode.swift; path = DateFormatter.swift; sourceTree = "<group>"; };
		1DF176FB29893B40005809C6 /* EventRouter.swift */ = {isa = PBXFileReference; lastKnownFileType = sourcecode.swift; path = EventRouter.swift; sourceTree = "<group>"; };
		1DF176FD29893E52005809C6 /* EventsModel.swift */ = {isa = PBXFileReference; lastKnownFileType = sourcecode.swift; path = EventsModel.swift; sourceTree = "<group>"; };
		1DF176FF29893ECA005809C6 /* MessageModel.swift */ = {isa = PBXFileReference; lastKnownFileType = sourcecode.swift; path = MessageModel.swift; sourceTree = "<group>"; };
		1DF1770129893ED8005809C6 /* VolunteerModel.swift */ = {isa = PBXFileReference; lastKnownFileType = sourcecode.swift; path = VolunteerModel.swift; sourceTree = "<group>"; };
		230A8997ED08A9DC21CB28B9 /* Pods-StJhonsAmbulance.debug.xcconfig */ = {isa = PBXFileReference; includeInIndex = 1; lastKnownFileType = text.xcconfig; name = "Pods-StJhonsAmbulance.debug.xcconfig"; path = "Target Support Files/Pods-StJhonsAmbulance/Pods-StJhonsAmbulance.debug.xcconfig"; sourceTree = "<group>"; };
		353C6103281213A500CC8B7F /* StJhonsAmbulance.app */ = {isa = PBXFileReference; explicitFileType = wrapper.application; includeInIndex = 0; path = StJhonsAmbulance.app; sourceTree = BUILT_PRODUCTS_DIR; };
		353C6106281213A500CC8B7F /* AppDelegate.swift */ = {isa = PBXFileReference; lastKnownFileType = sourcecode.swift; path = AppDelegate.swift; sourceTree = "<group>"; };
		353C6108281213A500CC8B7F /* SceneDelegate.swift */ = {isa = PBXFileReference; lastKnownFileType = sourcecode.swift; path = SceneDelegate.swift; sourceTree = "<group>"; };
		353C610D281213A500CC8B7F /* Base */ = {isa = PBXFileReference; lastKnownFileType = file.storyboard; name = Base; path = Base.lproj/Main.storyboard; sourceTree = "<group>"; };
		353C610F281213A600CC8B7F /* Assets.xcassets */ = {isa = PBXFileReference; lastKnownFileType = folder.assetcatalog; path = Assets.xcassets; sourceTree = "<group>"; };
		353C6112281213A600CC8B7F /* Base */ = {isa = PBXFileReference; lastKnownFileType = file.storyboard; name = Base; path = Base.lproj/LaunchScreen.storyboard; sourceTree = "<group>"; };
		353C6114281213A600CC8B7F /* StJhons_info.plist */ = {isa = PBXFileReference; lastKnownFileType = text.plist.xml; path = StJhons_info.plist; sourceTree = "<group>"; };
		353C6119281213A600CC8B7F /* StJhonsAmbulanceTests.xctest */ = {isa = PBXFileReference; explicitFileType = wrapper.cfbundle; includeInIndex = 0; path = StJhonsAmbulanceTests.xctest; sourceTree = BUILT_PRODUCTS_DIR; };
		353C6123281213A600CC8B7F /* StJhonsAmbulanceUITests.xctest */ = {isa = PBXFileReference; explicitFileType = wrapper.cfbundle; includeInIndex = 0; path = StJhonsAmbulanceUITests.xctest; sourceTree = BUILT_PRODUCTS_DIR; };
		353C61442813EF9600CC8B7F /* ENTALDAppConfig.swift */ = {isa = PBXFileReference; lastKnownFileType = sourcecode.swift; path = ENTALDAppConfig.swift; sourceTree = "<group>"; };
		353C61462813F0CE00CC8B7F /* ENTALDAPIConfig.swift */ = {isa = PBXFileReference; lastKnownFileType = sourcecode.swift; path = ENTALDAPIConfig.swift; sourceTree = "<group>"; };
		353C61482813F16900CC8B7F /* ENTALDConst.swift */ = {isa = PBXFileReference; lastKnownFileType = sourcecode.swift; path = ENTALDConst.swift; sourceTree = "<group>"; };
		353C614B28140B6B00CC8B7F /* ENTALDHomeViewController.swift */ = {isa = PBXFileReference; lastKnownFileType = sourcecode.swift; path = ENTALDHomeViewController.swift; sourceTree = "<group>"; };
		353C614C28140B6B00CC8B7F /* ENTALDHomeViewController.xib */ = {isa = PBXFileReference; lastKnownFileType = file.xib; path = ENTALDHomeViewController.xib; sourceTree = "<group>"; };
		353C615928140D5800CC8B7F /* ENTALDBaseViewController.swift */ = {isa = PBXFileReference; lastKnownFileType = sourcecode.swift; path = ENTALDBaseViewController.swift; sourceTree = "<group>"; };
		353C615E2814685900CC8B7F /* ENTALDControllers.swift */ = {isa = PBXFileReference; lastKnownFileType = sourcecode.swift; path = ENTALDControllers.swift; sourceTree = "<group>"; };
		353C61632814810700CC8B7F /* UIApplication+Extension.swift */ = {isa = PBXFileReference; fileEncoding = 4; lastKnownFileType = sourcecode.swift; path = "UIApplication+Extension.swift"; sourceTree = "<group>"; };
		353C61652814815C00CC8B7F /* ENTALDBaseNavigationController.swift */ = {isa = PBXFileReference; lastKnownFileType = sourcecode.swift; path = ENTALDBaseNavigationController.swift; sourceTree = "<group>"; };
		353C617C2814CFEF00CC8B7F /* NSBundle+Extension.swift */ = {isa = PBXFileReference; lastKnownFileType = sourcecode.swift; path = "NSBundle+Extension.swift"; sourceTree = "<group>"; };
		353C617F281678F900CC8B7F /* splash_loading2.gif */ = {isa = PBXFileReference; lastKnownFileType = image.gif; path = splash_loading2.gif; sourceTree = "<group>"; };
		353C61812816931000CC8B7F /* ENTALDLibraryAPI.swift */ = {isa = PBXFileReference; lastKnownFileType = sourcecode.swift; path = ENTALDLibraryAPI.swift; sourceTree = "<group>"; };
		353C61832816948500CC8B7F /* ENTALDAPIConst.swift */ = {isa = PBXFileReference; lastKnownFileType = sourcecode.swift; path = ENTALDAPIConst.swift; sourceTree = "<group>"; };
		353C6185281695DD00CC8B7F /* ENTALDDevicesUtil.swift */ = {isa = PBXFileReference; lastKnownFileType = sourcecode.swift; path = ENTALDDevicesUtil.swift; sourceTree = "<group>"; };
		353C61872816A2EF00CC8B7F /* ENTALDAPIErrorUtil.swift */ = {isa = PBXFileReference; lastKnownFileType = sourcecode.swift; path = ENTALDAPIErrorUtil.swift; sourceTree = "<group>"; };
		353C61892816A7F500CC8B7F /* ENTALDHttpClient.swift */ = {isa = PBXFileReference; lastKnownFileType = sourcecode.swift; path = ENTALDHttpClient.swift; sourceTree = "<group>"; };
		353C618B2816AC1C00CC8B7F /* ENTALDAPIUtils.swift */ = {isa = PBXFileReference; lastKnownFileType = sourcecode.swift; path = ENTALDAPIUtils.swift; sourceTree = "<group>"; };
		353C618D2816B07900CC8B7F /* ENTALDNetworkRequest.swift */ = {isa = PBXFileReference; lastKnownFileType = sourcecode.swift; path = ENTALDNetworkRequest.swift; sourceTree = "<group>"; };
		353C61992817D56500CC8B7F /* ENTALDDictionary+Extension.swift */ = {isa = PBXFileReference; lastKnownFileType = sourcecode.swift; path = "ENTALDDictionary+Extension.swift"; sourceTree = "<group>"; };
		353C61A22817D7B600CC8B7F /* ENTALDHelperUtils.swift */ = {isa = PBXFileReference; lastKnownFileType = sourcecode.swift; path = ENTALDHelperUtils.swift; sourceTree = "<group>"; };
		359E9C17282B7077001E3D73 /* en */ = {isa = PBXFileReference; lastKnownFileType = text.plist.strings; name = en; path = en.lproj/ENTALDLocalizable.strings; sourceTree = "<group>"; };
		359E9C19282B71AC001E3D73 /* ENTALDString+Extension.swift */ = {isa = PBXFileReference; lastKnownFileType = sourcecode.swift; path = "ENTALDString+Extension.swift"; sourceTree = "<group>"; };
		359E9C1B282B7598001E3D73 /* ENTALDUIFont+Extension.swift */ = {isa = PBXFileReference; lastKnownFileType = sourcecode.swift; path = "ENTALDUIFont+Extension.swift"; sourceTree = "<group>"; };
		359E9C1F282B812D001E3D73 /* ENTALDAlertView.swift */ = {isa = PBXFileReference; lastKnownFileType = sourcecode.swift; path = ENTALDAlertView.swift; sourceTree = "<group>"; };
		359E9C21282B8148001E3D73 /* ENTALDAlertView.xib */ = {isa = PBXFileReference; lastKnownFileType = file.xib; path = ENTALDAlertView.xib; sourceTree = "<group>"; };
		359E9C23282B96F2001E3D73 /* CommonEnums.swift */ = {isa = PBXFileReference; lastKnownFileType = sourcecode.swift; path = CommonEnums.swift; sourceTree = "<group>"; };
		359E9C32282D46D9001E3D73 /* ENTALDDummyDataUtils.swift */ = {isa = PBXFileReference; lastKnownFileType = sourcecode.swift; path = ENTALDDummyDataUtils.swift; sourceTree = "<group>"; };
		359E9C34282D47C2001E3D73 /* onBoardingJson.json */ = {isa = PBXFileReference; lastKnownFileType = text.json; path = onBoardingJson.json; sourceTree = "<group>"; };
		359E9C4C282E455F001E3D73 /* CoreTableHeaderFooterView.swift */ = {isa = PBXFileReference; fileEncoding = 4; lastKnownFileType = sourcecode.swift; path = CoreTableHeaderFooterView.swift; sourceTree = "<group>"; };
		359E9C4D282E455F001E3D73 /* CoreTableView.swift */ = {isa = PBXFileReference; fileEncoding = 4; lastKnownFileType = sourcecode.swift; path = CoreTableView.swift; sourceTree = "<group>"; };
		359E9C4E282E455F001E3D73 /* CoreTableViewCell.swift */ = {isa = PBXFileReference; fileEncoding = 4; lastKnownFileType = sourcecode.swift; path = CoreTableViewCell.swift; sourceTree = "<group>"; };
		359E9C50282E455F001E3D73 /* CoreCollectionView.swift */ = {isa = PBXFileReference; fileEncoding = 4; lastKnownFileType = sourcecode.swift; path = CoreCollectionView.swift; sourceTree = "<group>"; };
		359E9C51282E455F001E3D73 /* CoreCollectionViewCell.swift */ = {isa = PBXFileReference; fileEncoding = 4; lastKnownFileType = sourcecode.swift; path = CoreCollectionViewCell.swift; sourceTree = "<group>"; };
		359E9C53282E455F001E3D73 /* CoreRefreshControl.swift */ = {isa = PBXFileReference; fileEncoding = 4; lastKnownFileType = sourcecode.swift; path = CoreRefreshControl.swift; sourceTree = "<group>"; };
		359E9C55282E455F001E3D73 /* CoreControls.swift */ = {isa = PBXFileReference; fileEncoding = 4; lastKnownFileType = sourcecode.swift; path = CoreControls.swift; sourceTree = "<group>"; };
		359E9C56282E455F001E3D73 /* CoreLabel.swift */ = {isa = PBXFileReference; fileEncoding = 4; lastKnownFileType = sourcecode.swift; path = CoreLabel.swift; sourceTree = "<group>"; };
		359E9C57282E455F001E3D73 /* CoreTextField.swift */ = {isa = PBXFileReference; fileEncoding = 4; lastKnownFileType = sourcecode.swift; path = CoreTextField.swift; sourceTree = "<group>"; };
		359E9C58282E455F001E3D73 /* CoreButton.swift */ = {isa = PBXFileReference; fileEncoding = 4; lastKnownFileType = sourcecode.swift; path = CoreButton.swift; sourceTree = "<group>"; };
		359E9C68282E4B34001E3D73 /* ENNTALDUIView+Extension.swift */ = {isa = PBXFileReference; lastKnownFileType = sourcecode.swift; path = "ENNTALDUIView+Extension.swift"; sourceTree = "<group>"; };
		359E9C6A282E6DE4001E3D73 /* ENTALDUIColor+Extension.swift */ = {isa = PBXFileReference; lastKnownFileType = sourcecode.swift; path = "ENTALDUIColor+Extension.swift"; sourceTree = "<group>"; };
		359E9C6C282E7914001E3D73 /* ENTALDUIImageView+Extension.swift */ = {isa = PBXFileReference; lastKnownFileType = sourcecode.swift; path = "ENTALDUIImageView+Extension.swift"; sourceTree = "<group>"; };
		359E9C6F282EA32F001E3D73 /* ENTALDTabbarViewController.swift */ = {isa = PBXFileReference; lastKnownFileType = sourcecode.swift; path = ENTALDTabbarViewController.swift; sourceTree = "<group>"; };
		359E9C74282EA58E001E3D73 /* ENTALDOffersViewController.swift */ = {isa = PBXFileReference; lastKnownFileType = sourcecode.swift; path = ENTALDOffersViewController.swift; sourceTree = "<group>"; };
		359E9C75282EA58E001E3D73 /* ENTALDOffersViewController.xib */ = {isa = PBXFileReference; lastKnownFileType = file.xib; path = ENTALDOffersViewController.xib; sourceTree = "<group>"; };
		384D5212F5153F6EBC44A59B /* Pods_StJhonsAmbulance_StJhonsAmbulanceUITests.framework */ = {isa = PBXFileReference; explicitFileType = wrapper.framework; includeInIndex = 0; path = Pods_StJhonsAmbulance_StJhonsAmbulanceUITests.framework; sourceTree = BUILT_PRODUCTS_DIR; };
		3A3366737A0F46F41C9C050F /* Pods_StJhonsAmbulanceTests.framework */ = {isa = PBXFileReference; explicitFileType = wrapper.framework; includeInIndex = 0; path = Pods_StJhonsAmbulanceTests.framework; sourceTree = BUILT_PRODUCTS_DIR; };
		65CB4DE9AB000AE91BFB9399 /* Pods_StJhonsAmbulance.framework */ = {isa = PBXFileReference; explicitFileType = wrapper.framework; includeInIndex = 0; path = Pods_StJhonsAmbulance.framework; sourceTree = BUILT_PRODUCTS_DIR; };
		754673A58EE4B8DBA401C2B5 /* Pods-StJhonsAmbulance-StJhonsAmbulanceUITests.debug.xcconfig */ = {isa = PBXFileReference; includeInIndex = 1; lastKnownFileType = text.xcconfig; name = "Pods-StJhonsAmbulance-StJhonsAmbulanceUITests.debug.xcconfig"; path = "Target Support Files/Pods-StJhonsAmbulance-StJhonsAmbulanceUITests/Pods-StJhonsAmbulance-StJhonsAmbulanceUITests.debug.xcconfig"; sourceTree = "<group>"; };
		75C42544C2CA5A5AE834CABC /* Pods-StJhonsAmbulance-StJhonsAmbulanceUITests.release.xcconfig */ = {isa = PBXFileReference; includeInIndex = 1; lastKnownFileType = text.xcconfig; name = "Pods-StJhonsAmbulance-StJhonsAmbulanceUITests.release.xcconfig"; path = "Target Support Files/Pods-StJhonsAmbulance-StJhonsAmbulanceUITests/Pods-StJhonsAmbulance-StJhonsAmbulanceUITests.release.xcconfig"; sourceTree = "<group>"; };
		C1369C353180B1370CB1D661 /* Pods-StJhonsAmbulanceTests.debug.xcconfig */ = {isa = PBXFileReference; includeInIndex = 1; lastKnownFileType = text.xcconfig; name = "Pods-StJhonsAmbulanceTests.debug.xcconfig"; path = "Target Support Files/Pods-StJhonsAmbulanceTests/Pods-StJhonsAmbulanceTests.debug.xcconfig"; sourceTree = "<group>"; };
		E2A3F7E87047CECA4F259EFD /* Pods-StJhonsAmbulance.release.xcconfig */ = {isa = PBXFileReference; includeInIndex = 1; lastKnownFileType = text.xcconfig; name = "Pods-StJhonsAmbulance.release.xcconfig"; path = "Target Support Files/Pods-StJhonsAmbulance/Pods-StJhonsAmbulance.release.xcconfig"; sourceTree = "<group>"; };
		E47F99BA297DC8F900BF793B /* DashboardVC.swift */ = {isa = PBXFileReference; lastKnownFileType = sourcecode.swift; path = DashboardVC.swift; sourceTree = "<group>"; };
		E47F99BB297DC8F900BF793B /* DashboardVC.xib */ = {isa = PBXFileReference; lastKnownFileType = file.xib; path = DashboardVC.xib; sourceTree = "<group>"; };
		E48359A7297D6527008CBFFF /* LoadingView.swift */ = {isa = PBXFileReference; lastKnownFileType = sourcecode.swift; path = LoadingView.swift; sourceTree = "<group>"; };
		E48359AA297D66E3008CBFFF /* AuthRequestModel.swift */ = {isa = PBXFileReference; lastKnownFileType = sourcecode.swift; path = AuthRequestModel.swift; sourceTree = "<group>"; };
		E48359AD297D6B44008CBFFF /* AuthResponseModel.swift */ = {isa = PBXFileReference; lastKnownFileType = sourcecode.swift; path = AuthResponseModel.swift; sourceTree = "<group>"; };
		E48359B2297D7886008CBFFF /* Algorithm.h */ = {isa = PBXFileReference; fileEncoding = 4; lastKnownFileType = sourcecode.c.h; path = Algorithm.h; sourceTree = "<group>"; };
		E48359B3297D7886008CBFFF /* Jwt.h */ = {isa = PBXFileReference; fileEncoding = 4; lastKnownFileType = sourcecode.c.h; path = Jwt.h; sourceTree = "<group>"; };
		E48359B4297D7886008CBFFF /* Jwt.m */ = {isa = PBXFileReference; fileEncoding = 4; lastKnownFileType = sourcecode.c.objc; path = Jwt.m; sourceTree = "<group>"; };
		E48359B5297D7887008CBFFF /* Algorithm.m */ = {isa = PBXFileReference; fileEncoding = 4; lastKnownFileType = sourcecode.c.objc; path = Algorithm.m; sourceTree = "<group>"; };
		E48359B8297D792F008CBFFF /* StJhonsAmbulance-Bridging-Header.h */ = {isa = PBXFileReference; lastKnownFileType = sourcecode.c.h; path = "StJhonsAmbulance-Bridging-Header.h"; sourceTree = "<group>"; };
		E48359BD297DCDE4008CBFFF /* UserDefault+Extension.swift */ = {isa = PBXFileReference; fileEncoding = 4; lastKnownFileType = sourcecode.swift; path = "UserDefault+Extension.swift"; sourceTree = "<group>"; };
		E48359BF297E6C68008CBFFF /* LandingRouter.swift */ = {isa = PBXFileReference; lastKnownFileType = sourcecode.swift; path = LandingRouter.swift; sourceTree = "<group>"; };
		E48359D329811189008CBFFF /* LandingGroupsModel.swift */ = {isa = PBXFileReference; lastKnownFileType = sourcecode.swift; path = LandingGroupsModel.swift; sourceTree = "<group>"; };
		E48359D629812AAF008CBFFF /* PickerViewController.swift */ = {isa = PBXFileReference; lastKnownFileType = sourcecode.swift; path = PickerViewController.swift; sourceTree = "<group>"; };
		E48359D729812AAF008CBFFF /* PickerViewController.xib */ = {isa = PBXFileReference; lastKnownFileType = file.xib; path = PickerViewController.xib; sourceTree = "<group>"; };
		E48359DA29813459008CBFFF /* ProcessUtils.swift */ = {isa = PBXFileReference; lastKnownFileType = sourcecode.swift; path = ProcessUtils.swift; sourceTree = "<group>"; };
		E4B2EF03297C4D9C00D05014 /* Router.swift */ = {isa = PBXFileReference; lastKnownFileType = sourcecode.swift; path = Router.swift; sourceTree = "<group>"; };
		E4B2EF05297C50AC00D05014 /* LoginRouter.swift */ = {isa = PBXFileReference; lastKnownFileType = sourcecode.swift; path = LoginRouter.swift; sourceTree = "<group>"; };
		E4B2EF07297C57EA00D05014 /* Quicksand-Bold.ttf */ = {isa = PBXFileReference; lastKnownFileType = file; path = "Quicksand-Bold.ttf"; sourceTree = "<group>"; };
		E4B2EF08297C57EA00D05014 /* Quicksand-SemiBold.ttf */ = {isa = PBXFileReference; lastKnownFileType = file; path = "Quicksand-SemiBold.ttf"; sourceTree = "<group>"; };
		E4B2EF09297C57EB00D05014 /* Quicksand-Regular.ttf */ = {isa = PBXFileReference; lastKnownFileType = file; path = "Quicksand-Regular.ttf"; sourceTree = "<group>"; };
		E4B2EF0A297C57EB00D05014 /* Quicksand-Medium.ttf */ = {isa = PBXFileReference; lastKnownFileType = file; path = "Quicksand-Medium.ttf"; sourceTree = "<group>"; };
		E4B2EF0B297C57EB00D05014 /* Quicksand-Light.ttf */ = {isa = PBXFileReference; lastKnownFileType = file; path = "Quicksand-Light.ttf"; sourceTree = "<group>"; };
		E4B2EF14297C633C00D05014 /* LoginVC.swift */ = {isa = PBXFileReference; lastKnownFileType = sourcecode.swift; path = LoginVC.swift; sourceTree = "<group>"; };
		E4B2EF15297C633C00D05014 /* LoginVC.xib */ = {isa = PBXFileReference; lastKnownFileType = file.xib; path = LoginVC.xib; sourceTree = "<group>"; };
		E4F7CB0A297E121000428A4E /* SideMenuVC.swift */ = {isa = PBXFileReference; fileEncoding = 4; lastKnownFileType = sourcecode.swift; path = SideMenuVC.swift; sourceTree = "<group>"; };
		E4F7CB0B297E121000428A4E /* SideMenuVC.xib */ = {isa = PBXFileReference; fileEncoding = 4; lastKnownFileType = file.xib; path = SideMenuVC.xib; sourceTree = "<group>"; };
		E4F7CB0D297E121000428A4E /* SideMenuTVC.xib */ = {isa = PBXFileReference; fileEncoding = 4; lastKnownFileType = file.xib; path = SideMenuTVC.xib; sourceTree = "<group>"; };
		E4F7CB0E297E121000428A4E /* SideMenuTVC.swift */ = {isa = PBXFileReference; fileEncoding = 4; lastKnownFileType = sourcecode.swift; path = SideMenuTVC.swift; sourceTree = "<group>"; };
/* End PBXFileReference section */

/* Begin PBXFrameworksBuildPhase section */
		353C6100281213A500CC8B7F /* Frameworks */ = {
			isa = PBXFrameworksBuildPhase;
			buildActionMask = 2147483647;
			files = (
				6B03168A67F3B7478E7C740F /* Pods_StJhonsAmbulance.framework in Frameworks */,
			);
			runOnlyForDeploymentPostprocessing = 0;
		};
		353C6116281213A600CC8B7F /* Frameworks */ = {
			isa = PBXFrameworksBuildPhase;
			buildActionMask = 2147483647;
			files = (
				74DC25C35F0027C45A146D37 /* Pods_StJhonsAmbulanceTests.framework in Frameworks */,
			);
			runOnlyForDeploymentPostprocessing = 0;
		};
		353C6120281213A600CC8B7F /* Frameworks */ = {
			isa = PBXFrameworksBuildPhase;
			buildActionMask = 2147483647;
			files = (
				CBBF866E9500D4C5310D30E4 /* Pods_StJhonsAmbulance_StJhonsAmbulanceUITests.framework in Frameworks */,
			);
			runOnlyForDeploymentPostprocessing = 0;
		};
/* End PBXFrameworksBuildPhase section */

/* Begin PBXGroup section */
		1D0BDED0298258A300CC2030 /* MessageVC */ = {
			isa = PBXGroup;
			children = (
				1D0BDED52982643200CC2030 /* MessageTVC */,
				1D0BDED1298258BB00CC2030 /* MessageVC.swift */,
				1D0BDED2298258BB00CC2030 /* MessageVC.xib */,
			);
			path = MessageVC;
			sourceTree = "<group>";
		};
		1D0BDED52982643200CC2030 /* MessageTVC */ = {
			isa = PBXGroup;
			children = (
				1D0BDED62982645400CC2030 /* MessageTVC.swift */,
				1D0BDED72982645400CC2030 /* MessageTVC.xib */,
			);
			path = MessageTVC;
			sourceTree = "<group>";
		};
		1D0BDEDA29826EA200CC2030 /* VounteerVC */ = {
			isa = PBXGroup;
			children = (
				1D0BDEDF29826ECE00CC2030 /* VounteerTVC */,
				1D0BDEDB29826EC700CC2030 /* VounteerVC.swift */,
				1D0BDEDC29826EC700CC2030 /* VounteerVC.xib */,
			);
			path = VounteerVC;
			sourceTree = "<group>";
		};
		1D0BDEDF29826ECE00CC2030 /* VounteerTVC */ = {
			isa = PBXGroup;
			children = (
				1D0BDEE029826EE700CC2030 /* VounteerTVC.swift */,
				1D0BDEE129826EE700CC2030 /* VounteerTVC.xib */,
			);
			path = VounteerTVC;
			sourceTree = "<group>";
		};
		1D1442F32983E655001F3B15 /* PendingShiftVC */ = {
			isa = PBXGroup;
			children = (
				1D1442F82983E681001F3B15 /* PendingShiftTVC */,
				1D1442F42983E67C001F3B15 /* PendingShiftVC.swift */,
				1D1442F52983E67C001F3B15 /* PendingShiftVC.xib */,
			);
			path = PendingShiftVC;
			sourceTree = "<group>";
		};
		1D1442F82983E681001F3B15 /* PendingShiftTVC */ = {
			isa = PBXGroup;
			children = (
				1D1442F92983E69B001F3B15 /* PendingShiftTVC.swift */,
				1D1442FA2983E69B001F3B15 /* PendingShiftTVC.xib */,
			);
			path = PendingShiftTVC;
			sourceTree = "<group>";
		};
		1D1442FD298404D0001F3B15 /* EventVC */ = {
			isa = PBXGroup;
			children = (
				1DF176EC29852F59005809C6 /* PastEventTVC */,
				1D144302298404F4001F3B15 /* EventTVC */,
				1D1442FE298404ED001F3B15 /* EventVC.swift */,
				1D1442FF298404ED001F3B15 /* EventVC.xib */,
			);
			path = EventVC;
			sourceTree = "<group>";
		};
		1D144302298404F4001F3B15 /* EventTVC */ = {
			isa = PBXGroup;
			children = (
				1D1443032984051C001F3B15 /* EventTVC.swift */,
				1D1443042984051C001F3B15 /* EventTVC.xib */,
			);
			path = EventTVC;
			sourceTree = "<group>";
		};
		1D4DE83B297FB4C600246242 /* ForgetVC */ = {
			isa = PBXGroup;
			children = (
				1D4DE83C297FB4C600246242 /* ForgetVC.xib */,
				1D4DE83D297FB4C600246242 /* ForgetVC.swift */,
			);
			path = ForgetVC;
			sourceTree = "<group>";
		};
		1D4DE83E297FB4C600246242 /* LandingVC */ = {
			isa = PBXGroup;
			children = (
				1D4DE83F297FB4C600246242 /* LandingVC.xib */,
				1D4DE840297FB4C600246242 /* LandingVC.swift */,
			);
			path = LandingVC;
			sourceTree = "<group>";
		};
		1D4DE851297FBC1B00246242 /* CSDashBoardVC */ = {
			isa = PBXGroup;
			children = (
				1D4DE856297FC49C00246242 /* CSDashBaordCVC */,
				1D4DE852297FBC4000246242 /* CSDashBoardVC.swift */,
				1D4DE853297FBC4000246242 /* CSDashBoardVC.xib */,
			);
			path = CSDashBoardVC;
			sourceTree = "<group>";
		};
		1D4DE856297FC49C00246242 /* CSDashBaordCVC */ = {
			isa = PBXGroup;
			children = (
				1D4DE857297FC4BA00246242 /* CSDashBaordCVC.swift */,
				1D4DE858297FC4BA00246242 /* CSDashBaordCVC.xib */,
			);
			path = CSDashBaordCVC;
			sourceTree = "<group>";
		};
		1D4DE85B297FE21500246242 /* CommonModel */ = {
			isa = PBXGroup;
			children = (
				1D4DE85C297FE33C00246242 /* CommonModel.swift */,
			);
			path = CommonModel;
			sourceTree = "<group>";
		};
		1DF176E0298523F2005809C6 /* PendingEventVC */ = {
			isa = PBXGroup;
			children = (
				1DF176E529852421005809C6 /* PendingEventTVC */,
				1DF176E12985241D005809C6 /* PendingEventVC.swift */,
				1DF176E22985241D005809C6 /* PendingEventVC.xib */,
			);
			path = PendingEventVC;
			sourceTree = "<group>";
		};
		1DF176E529852421005809C6 /* PendingEventTVC */ = {
			isa = PBXGroup;
			children = (
				1DF176E729852448005809C6 /* PendingEventTVC.swift */,
				1DF176E829852448005809C6 /* PendingEventTVC.xib */,
			);
			path = PendingEventTVC;
			sourceTree = "<group>";
		};
		1DF176EC29852F59005809C6 /* PastEventTVC */ = {
			isa = PBXGroup;
			children = (
				1DF176ED29852F7A005809C6 /* PastEventTVC.swift */,
				1DF176EE29852F7A005809C6 /* PastEventTVC.xib */,
			);
			path = PastEventTVC;
			sourceTree = "<group>";
		};
		353C60FA281213A500CC8B7F = {
			isa = PBXGroup;
			children = (
				353C6105281213A500CC8B7F /* StJhonsAmbulance */,
				353C6104281213A500CC8B7F /* Products */,
				B6EB1F3FFF6387C08EF8D56F /* Pods */,
				DA15ED376B116FD31FF33F3D /* Frameworks */,
			);
			sourceTree = "<group>";
		};
		353C6104281213A500CC8B7F /* Products */ = {
			isa = PBXGroup;
			children = (
				353C6103281213A500CC8B7F /* StJhonsAmbulance.app */,
				353C6119281213A600CC8B7F /* StJhonsAmbulanceTests.xctest */,
				353C6123281213A600CC8B7F /* StJhonsAmbulanceUITests.xctest */,
			);
			name = Products;
			sourceTree = "<group>";
		};
		353C6105281213A500CC8B7F /* StJhonsAmbulance */ = {
			isa = PBXGroup;
			children = (
				353C6114281213A600CC8B7F /* StJhons_info.plist */,
				E48359B8297D792F008CBFFF /* StJhonsAmbulance-Bridging-Header.h */,
				353C61362813ECB000CC8B7F /* Development */,
			);
			path = StJhonsAmbulance;
			sourceTree = "<group>";
		};
		353C61362813ECB000CC8B7F /* Development */ = {
			isa = PBXGroup;
			children = (
				353C613D2813ED2B00CC8B7F /* Configurations */,
				353C61372813ECDE00CC8B7F /* Fonts */,
				353C613B2813ED0C00CC8B7F /* AppUtils */,
				353C61382813ECE800CC8B7F /* Resources */,
				353C61412813ED6000CC8B7F /* BaseControllers */,
				353C61392813ECF400CC8B7F /* Controllers */,
				353C613A2813ECFE00CC8B7F /* CustomLibs */,
				353C613F2813ED4800CC8B7F /* CustomViews */,
				353C61402813ED5300CC8B7F /* Extensions */,
				353C613C2813ED1900CC8B7F /* NetworkLayer */,
				353C613E2813ED3700CC8B7F /* Models */,
				353C61432813ED9300CC8B7F /* SupportingFiles */,
				353C61422813ED6F00CC8B7F /* StoryBoards */,
			);
			path = Development;
			sourceTree = "<group>";
		};
		353C61372813ECDE00CC8B7F /* Fonts */ = {
			isa = PBXGroup;
			children = (
				E4B2EF07297C57EA00D05014 /* Quicksand-Bold.ttf */,
				E4B2EF0B297C57EB00D05014 /* Quicksand-Light.ttf */,
				E4B2EF0A297C57EB00D05014 /* Quicksand-Medium.ttf */,
				E4B2EF09297C57EB00D05014 /* Quicksand-Regular.ttf */,
				E4B2EF08297C57EA00D05014 /* Quicksand-SemiBold.ttf */,
			);
			path = Fonts;
			sourceTree = "<group>";
		};
		353C61382813ECE800CC8B7F /* Resources */ = {
			isa = PBXGroup;
			children = (
				359E9C31282D4652001E3D73 /* JsonFiles */,
				359E9C13282B6F6F001E3D73 /* LocalizedFiles */,
				353C617E281678E900CC8B7F /* GifAssets */,
				353C610F281213A600CC8B7F /* Assets.xcassets */,
				359E9C23282B96F2001E3D73 /* CommonEnums.swift */,
			);
			path = Resources;
			sourceTree = "<group>";
		};
		353C61392813ECF400CC8B7F /* Controllers */ = {
			isa = PBXGroup;
			children = (
				1DF176E0298523F2005809C6 /* PendingEventVC */,
				1D1442FD298404D0001F3B15 /* EventVC */,
				1D1442F32983E655001F3B15 /* PendingShiftVC */,
				1D0BDEDA29826EA200CC2030 /* VounteerVC */,
				1D0BDED0298258A300CC2030 /* MessageVC */,
				E48359D529812A17008CBFFF /* GroupsPickerVC */,
				1D4DE851297FBC1B00246242 /* CSDashBoardVC */,
				1D4DE83B297FB4C600246242 /* ForgetVC */,
				1D4DE83E297FB4C600246242 /* LandingVC */,
				E4F7CB09297E121000428A4E /* SideMenuVC */,
				E47F99B9297DC8D600BF793B /* DashboardVC */,
				E4B2EF11297C630200D05014 /* LoginViewController */,
				359E9C73282EA54F001E3D73 /* ENTALDOffersViewController */,
				359E9C6E282EA2C3001E3D73 /* ENTALDTabbarController */,
				353C614A28140B4D00CC8B7F /* HomeViewController */,
			);
			path = Controllers;
			sourceTree = "<group>";
		};
		353C613A2813ECFE00CC8B7F /* CustomLibs */ = {
			isa = PBXGroup;
			children = (
				E48359B1297D7873008CBFFF /* JWTLib */,
			);
			path = CustomLibs;
			sourceTree = "<group>";
		};
		353C613B2813ED0C00CC8B7F /* AppUtils */ = {
			isa = PBXGroup;
			children = (
				359E9C46282E455F001E3D73 /* CoreClasses */,
				353C6185281695DD00CC8B7F /* ENTALDDevicesUtil.swift */,
				353C61872816A2EF00CC8B7F /* ENTALDAPIErrorUtil.swift */,
				E48359DA29813459008CBFFF /* ProcessUtils.swift */,
				353C618B2816AC1C00CC8B7F /* ENTALDAPIUtils.swift */,
				353C61A22817D7B600CC8B7F /* ENTALDHelperUtils.swift */,
				359E9C32282D46D9001E3D73 /* ENTALDDummyDataUtils.swift */,
			);
			path = AppUtils;
			sourceTree = "<group>";
		};
		353C613C2813ED1900CC8B7F /* NetworkLayer */ = {
			isa = PBXGroup;
			children = (
				E4B2EF02297C4D8C00D05014 /* Routers */,
				353C61462813F0CE00CC8B7F /* ENTALDAPIConfig.swift */,
				353C61812816931000CC8B7F /* ENTALDLibraryAPI.swift */,
				353C61832816948500CC8B7F /* ENTALDAPIConst.swift */,
				353C61892816A7F500CC8B7F /* ENTALDHttpClient.swift */,
				353C618D2816B07900CC8B7F /* ENTALDNetworkRequest.swift */,
			);
			path = NetworkLayer;
			sourceTree = "<group>";
		};
		353C613D2813ED2B00CC8B7F /* Configurations */ = {
			isa = PBXGroup;
			children = (
				353C61442813EF9600CC8B7F /* ENTALDAppConfig.swift */,
				353C61482813F16900CC8B7F /* ENTALDConst.swift */,
			);
			path = Configurations;
			sourceTree = "<group>";
		};
		353C613E2813ED3700CC8B7F /* Models */ = {
			isa = PBXGroup;
			children = (
				1D4DE85B297FE21500246242 /* CommonModel */,
				E48359AC297D6B28008CBFFF /* ReponseModels */,
				E48359A9297D66CF008CBFFF /* RequestModels */,
			);
			path = Models;
			sourceTree = "<group>";
		};
		353C613F2813ED4800CC8B7F /* CustomViews */ = {
			isa = PBXGroup;
			children = (
				E48359A6297D6516008CBFFF /* LoadingView */,
				359E9C1E282B8116001E3D73 /* ENTALDAlertView */,
			);
			path = CustomViews;
			sourceTree = "<group>";
		};
		353C61402813ED5300CC8B7F /* Extensions */ = {
			isa = PBXGroup;
			children = (
				1D4DE84F297FB57300246242 /* ACFloatingTextfield.swift */,
				1D4DE848297FB51C00246242 /* NSString.swift */,
				1D4DE845297FB51C00246242 /* NSURL.swift */,
				1D4DE847297FB51C00246242 /* UIButton.swift */,
				1D4DE849297FB51C00246242 /* Validate.swift */,
				353C61632814810700CC8B7F /* UIApplication+Extension.swift */,
				353C617C2814CFEF00CC8B7F /* NSBundle+Extension.swift */,
				E48359BD297DCDE4008CBFFF /* UserDefault+Extension.swift */,
				353C61992817D56500CC8B7F /* ENTALDDictionary+Extension.swift */,
				359E9C19282B71AC001E3D73 /* ENTALDString+Extension.swift */,
				359E9C1B282B7598001E3D73 /* ENTALDUIFont+Extension.swift */,
				359E9C68282E4B34001E3D73 /* ENNTALDUIView+Extension.swift */,
				359E9C6A282E6DE4001E3D73 /* ENTALDUIColor+Extension.swift */,
				359E9C6C282E7914001E3D73 /* ENTALDUIImageView+Extension.swift */,
				1DF176F529892078005809C6 /* DateFormatter.swift */,
			);
			path = Extensions;
			sourceTree = "<group>";
		};
		353C61412813ED6000CC8B7F /* BaseControllers */ = {
			isa = PBXGroup;
			children = (
				359E9C3A282E27C6001E3D73 /* ENTALDBaseViewCcontroller */,
				353C615E2814685900CC8B7F /* ENTALDControllers.swift */,
				353C61652814815C00CC8B7F /* ENTALDBaseNavigationController.swift */,
			);
			path = BaseControllers;
			sourceTree = "<group>";
		};
		353C61422813ED6F00CC8B7F /* StoryBoards */ = {
			isa = PBXGroup;
			children = (
				353C610C281213A500CC8B7F /* Main.storyboard */,
				353C6111281213A600CC8B7F /* LaunchScreen.storyboard */,
			);
			path = StoryBoards;
			sourceTree = "<group>";
		};
		353C61432813ED9300CC8B7F /* SupportingFiles */ = {
			isa = PBXGroup;
			children = (
				353C6106281213A500CC8B7F /* AppDelegate.swift */,
				353C6108281213A500CC8B7F /* SceneDelegate.swift */,
			);
			path = SupportingFiles;
			sourceTree = "<group>";
		};
		353C614A28140B4D00CC8B7F /* HomeViewController */ = {
			isa = PBXGroup;
			children = (
				353C614B28140B6B00CC8B7F /* ENTALDHomeViewController.swift */,
				353C614C28140B6B00CC8B7F /* ENTALDHomeViewController.xib */,
			);
			path = HomeViewController;
			sourceTree = "<group>";
		};
		353C617E281678E900CC8B7F /* GifAssets */ = {
			isa = PBXGroup;
			children = (
				353C617F281678F900CC8B7F /* splash_loading2.gif */,
			);
			path = GifAssets;
			sourceTree = "<group>";
		};
		359E9C13282B6F6F001E3D73 /* LocalizedFiles */ = {
			isa = PBXGroup;
			children = (
				359E9C18282B7077001E3D73 /* ENTALDLocalizable.strings */,
			);
			path = LocalizedFiles;
			sourceTree = "<group>";
		};
		359E9C1E282B8116001E3D73 /* ENTALDAlertView */ = {
			isa = PBXGroup;
			children = (
				359E9C1F282B812D001E3D73 /* ENTALDAlertView.swift */,
				359E9C21282B8148001E3D73 /* ENTALDAlertView.xib */,
			);
			path = ENTALDAlertView;
			sourceTree = "<group>";
		};
		359E9C31282D4652001E3D73 /* JsonFiles */ = {
			isa = PBXGroup;
			children = (
				359E9C34282D47C2001E3D73 /* onBoardingJson.json */,
			);
			path = JsonFiles;
			sourceTree = "<group>";
		};
		359E9C3A282E27C6001E3D73 /* ENTALDBaseViewCcontroller */ = {
			isa = PBXGroup;
			children = (
				353C615928140D5800CC8B7F /* ENTALDBaseViewController.swift */,
			);
			path = ENTALDBaseViewCcontroller;
			sourceTree = "<group>";
		};
		359E9C46282E455F001E3D73 /* CoreClasses */ = {
			isa = PBXGroup;
			children = (
				359E9C47282E455F001E3D73 /* TableView */,
				359E9C4F282E455F001E3D73 /* CollectionView */,
				359E9C53282E455F001E3D73 /* CoreRefreshControl.swift */,
				359E9C55282E455F001E3D73 /* CoreControls.swift */,
				359E9C56282E455F001E3D73 /* CoreLabel.swift */,
				359E9C57282E455F001E3D73 /* CoreTextField.swift */,
				359E9C58282E455F001E3D73 /* CoreButton.swift */,
			);
			path = CoreClasses;
			sourceTree = "<group>";
		};
		359E9C47282E455F001E3D73 /* TableView */ = {
			isa = PBXGroup;
			children = (
				359E9C4C282E455F001E3D73 /* CoreTableHeaderFooterView.swift */,
				359E9C4D282E455F001E3D73 /* CoreTableView.swift */,
				359E9C4E282E455F001E3D73 /* CoreTableViewCell.swift */,
			);
			path = TableView;
			sourceTree = "<group>";
		};
		359E9C4F282E455F001E3D73 /* CollectionView */ = {
			isa = PBXGroup;
			children = (
				359E9C50282E455F001E3D73 /* CoreCollectionView.swift */,
				359E9C51282E455F001E3D73 /* CoreCollectionViewCell.swift */,
			);
			path = CollectionView;
			sourceTree = "<group>";
		};
		359E9C6E282EA2C3001E3D73 /* ENTALDTabbarController */ = {
			isa = PBXGroup;
			children = (
				359E9C6F282EA32F001E3D73 /* ENTALDTabbarViewController.swift */,
			);
			path = ENTALDTabbarController;
			sourceTree = "<group>";
		};
		359E9C73282EA54F001E3D73 /* ENTALDOffersViewController */ = {
			isa = PBXGroup;
			children = (
				359E9C74282EA58E001E3D73 /* ENTALDOffersViewController.swift */,
				359E9C75282EA58E001E3D73 /* ENTALDOffersViewController.xib */,
			);
			path = ENTALDOffersViewController;
			sourceTree = "<group>";
		};
		B6EB1F3FFF6387C08EF8D56F /* Pods */ = {
			isa = PBXGroup;
			children = (
				230A8997ED08A9DC21CB28B9 /* Pods-StJhonsAmbulance.debug.xcconfig */,
				E2A3F7E87047CECA4F259EFD /* Pods-StJhonsAmbulance.release.xcconfig */,
				754673A58EE4B8DBA401C2B5 /* Pods-StJhonsAmbulance-StJhonsAmbulanceUITests.debug.xcconfig */,
				75C42544C2CA5A5AE834CABC /* Pods-StJhonsAmbulance-StJhonsAmbulanceUITests.release.xcconfig */,
				C1369C353180B1370CB1D661 /* Pods-StJhonsAmbulanceTests.debug.xcconfig */,
				17C9EFF5DCD181366AD8E0B7 /* Pods-StJhonsAmbulanceTests.release.xcconfig */,
			);
			path = Pods;
			sourceTree = "<group>";
		};
		DA15ED376B116FD31FF33F3D /* Frameworks */ = {
			isa = PBXGroup;
			children = (
				65CB4DE9AB000AE91BFB9399 /* Pods_StJhonsAmbulance.framework */,
				384D5212F5153F6EBC44A59B /* Pods_StJhonsAmbulance_StJhonsAmbulanceUITests.framework */,
				3A3366737A0F46F41C9C050F /* Pods_StJhonsAmbulanceTests.framework */,
			);
			name = Frameworks;
			sourceTree = "<group>";
		};
		E47F99B9297DC8D600BF793B /* DashboardVC */ = {
			isa = PBXGroup;
			children = (
				E47F99BA297DC8F900BF793B /* DashboardVC.swift */,
				E47F99BB297DC8F900BF793B /* DashboardVC.xib */,
			);
			path = DashboardVC;
			sourceTree = "<group>";
		};
		E48359A6297D6516008CBFFF /* LoadingView */ = {
			isa = PBXGroup;
			children = (
				E48359A7297D6527008CBFFF /* LoadingView.swift */,
			);
			path = LoadingView;
			sourceTree = "<group>";
		};
		E48359A9297D66CF008CBFFF /* RequestModels */ = {
			isa = PBXGroup;
			children = (
				E48359AA297D66E3008CBFFF /* AuthRequestModel.swift */,
			);
			path = RequestModels;
			sourceTree = "<group>";
		};
		E48359AC297D6B28008CBFFF /* ReponseModels */ = {
			isa = PBXGroup;
			children = (
				E48359AD297D6B44008CBFFF /* AuthResponseModel.swift */,
				1DF176FD29893E52005809C6 /* EventsModel.swift */,
				E48359D329811189008CBFFF /* LandingGroupsModel.swift */,
				1DF176F1298904BA005809C6 /* PendingShiftResponseModel.swift */,
				1DF176FF29893ECA005809C6 /* MessageModel.swift */,
				1DF1770129893ED8005809C6 /* VolunteerModel.swift */,
			);
			path = ReponseModels;
			sourceTree = "<group>";
		};
		E48359B1297D7873008CBFFF /* JWTLib */ = {
			isa = PBXGroup;
			children = (
				E48359B2297D7886008CBFFF /* Algorithm.h */,
				E48359B5297D7887008CBFFF /* Algorithm.m */,
				E48359B3297D7886008CBFFF /* Jwt.h */,
				E48359B4297D7886008CBFFF /* Jwt.m */,
			);
			path = JWTLib;
			sourceTree = "<group>";
		};
		E48359D529812A17008CBFFF /* GroupsPickerVC */ = {
			isa = PBXGroup;
			children = (
				E48359D629812AAF008CBFFF /* PickerViewController.swift */,
				E48359D729812AAF008CBFFF /* PickerViewController.xib */,
			);
			path = GroupsPickerVC;
			sourceTree = "<group>";
		};
		E4B2EF02297C4D8C00D05014 /* Routers */ = {
			isa = PBXGroup;
			children = (
				E4B2EF03297C4D9C00D05014 /* Router.swift */,
				E4B2EF05297C50AC00D05014 /* LoginRouter.swift */,
				E48359BF297E6C68008CBFFF /* LandingRouter.swift */,
				1DF176FB29893B40005809C6 /* EventRouter.swift */,
				1D00A0D1298AB19000700418 /* CSDashBoardRouter.swift */,
			);
			path = Routers;
			sourceTree = "<group>";
		};
		E4B2EF11297C630200D05014 /* LoginViewController */ = {
			isa = PBXGroup;
			children = (
				E4B2EF14297C633C00D05014 /* LoginVC.swift */,
				E4B2EF15297C633C00D05014 /* LoginVC.xib */,
			);
			path = LoginViewController;
			sourceTree = "<group>";
		};
		E4F7CB09297E121000428A4E /* SideMenuVC */ = {
			isa = PBXGroup;
			children = (
				E4F7CB0A297E121000428A4E /* SideMenuVC.swift */,
				E4F7CB0B297E121000428A4E /* SideMenuVC.xib */,
				E4F7CB0C297E121000428A4E /* SideMenuCell */,
			);
			path = SideMenuVC;
			sourceTree = "<group>";
		};
		E4F7CB0C297E121000428A4E /* SideMenuCell */ = {
			isa = PBXGroup;
			children = (
				E4F7CB0D297E121000428A4E /* SideMenuTVC.xib */,
				E4F7CB0E297E121000428A4E /* SideMenuTVC.swift */,
			);
			path = SideMenuCell;
			sourceTree = "<group>";
		};
/* End PBXGroup section */

/* Begin PBXNativeTarget section */
		353C6102281213A500CC8B7F /* StJhonsAmbulance */ = {
			isa = PBXNativeTarget;
			buildConfigurationList = 353C612D281213A600CC8B7F /* Build configuration list for PBXNativeTarget "StJhonsAmbulance" */;
			buildPhases = (
				61EA0D543859FD60A32DDBC3 /* [CP] Check Pods Manifest.lock */,
				353C60FF281213A500CC8B7F /* Sources */,
				353C6100281213A500CC8B7F /* Frameworks */,
				353C6101281213A500CC8B7F /* Resources */,
				97013DD7CB49596A8E090C2B /* [CP] Embed Pods Frameworks */,
			);
			buildRules = (
			);
			dependencies = (
			);
			name = StJhonsAmbulance;
			productName = ENTADRO;
			productReference = 353C6103281213A500CC8B7F /* StJhonsAmbulance.app */;
			productType = "com.apple.product-type.application";
		};
		353C6118281213A600CC8B7F /* StJhonsAmbulanceTests */ = {
			isa = PBXNativeTarget;
			buildConfigurationList = 353C6130281213A600CC8B7F /* Build configuration list for PBXNativeTarget "StJhonsAmbulanceTests" */;
			buildPhases = (
				9195C037EA9D30AE89D17B09 /* [CP] Check Pods Manifest.lock */,
				353C6115281213A600CC8B7F /* Sources */,
				353C6116281213A600CC8B7F /* Frameworks */,
				353C6117281213A600CC8B7F /* Resources */,
			);
			buildRules = (
			);
			dependencies = (
				353C611B281213A600CC8B7F /* PBXTargetDependency */,
			);
			name = StJhonsAmbulanceTests;
			productName = ENTADROTests;
			productReference = 353C6119281213A600CC8B7F /* StJhonsAmbulanceTests.xctest */;
			productType = "com.apple.product-type.bundle.unit-test";
		};
		353C6122281213A600CC8B7F /* StJhonsAmbulanceUITests */ = {
			isa = PBXNativeTarget;
			buildConfigurationList = 353C6133281213A600CC8B7F /* Build configuration list for PBXNativeTarget "StJhonsAmbulanceUITests" */;
			buildPhases = (
				0DD0194E2B1EBEC3266B0417 /* [CP] Check Pods Manifest.lock */,
				353C611F281213A600CC8B7F /* Sources */,
				353C6120281213A600CC8B7F /* Frameworks */,
				353C6121281213A600CC8B7F /* Resources */,
				16F58CB031FFADB5F8031C16 /* [CP] Embed Pods Frameworks */,
			);
			buildRules = (
			);
			dependencies = (
				353C6125281213A600CC8B7F /* PBXTargetDependency */,
			);
			name = StJhonsAmbulanceUITests;
			productName = ENTADROUITests;
			productReference = 353C6123281213A600CC8B7F /* StJhonsAmbulanceUITests.xctest */;
			productType = "com.apple.product-type.bundle.ui-testing";
		};
/* End PBXNativeTarget section */

/* Begin PBXProject section */
		353C60FB281213A500CC8B7F /* Project object */ = {
			isa = PBXProject;
			attributes = {
				BuildIndependentTargetsInParallel = 1;
				LastSwiftUpdateCheck = 1300;
				LastUpgradeCheck = 1300;
				TargetAttributes = {
					353C6102281213A500CC8B7F = {
						CreatedOnToolsVersion = 13.0;
					};
					353C6118281213A600CC8B7F = {
						CreatedOnToolsVersion = 13.0;
						TestTargetID = 353C6102281213A500CC8B7F;
					};
					353C6122281213A600CC8B7F = {
						CreatedOnToolsVersion = 13.0;
						TestTargetID = 353C6102281213A500CC8B7F;
					};
				};
			};
			buildConfigurationList = 353C60FE281213A500CC8B7F /* Build configuration list for PBXProject "StJhonsAmbulance" */;
			compatibilityVersion = "Xcode 13.0";
			developmentRegion = en;
			hasScannedForEncodings = 0;
			knownRegions = (
				en,
				Base,
			);
			mainGroup = 353C60FA281213A500CC8B7F;
			productRefGroup = 353C6104281213A500CC8B7F /* Products */;
			projectDirPath = "";
			projectRoot = "";
			targets = (
				353C6102281213A500CC8B7F /* StJhonsAmbulance */,
				353C6118281213A600CC8B7F /* StJhonsAmbulanceTests */,
				353C6122281213A600CC8B7F /* StJhonsAmbulanceUITests */,
			);
		};
/* End PBXProject section */

/* Begin PBXResourcesBuildPhase section */
		353C6101281213A500CC8B7F /* Resources */ = {
			isa = PBXResourcesBuildPhase;
			buildActionMask = 2147483647;
			files = (
				1DF176EA29852448005809C6 /* PendingEventTVC.xib in Resources */,
				E4B2EF19297C6B9200D05014 /* LoginVC.xib in Resources */,
				359E9C22282B8148001E3D73 /* ENTALDAlertView.xib in Resources */,
				1D1443062984051C001F3B15 /* EventTVC.xib in Resources */,
				1DF176E42985241D005809C6 /* PendingEventVC.xib in Resources */,
				E48359D929812AAF008CBFFF /* PickerViewController.xib in Resources */,
				1D1442F72983E67C001F3B15 /* PendingShiftVC.xib in Resources */,
				E4F7CB11297E121000428A4E /* SideMenuTVC.xib in Resources */,
				E4B2EF0F297C57EB00D05014 /* Quicksand-Medium.ttf in Resources */,
				1D4DE843297FB4C600246242 /* LandingVC.xib in Resources */,
				E4F7CB10297E121000428A4E /* SideMenuVC.xib in Resources */,
				1D4DE841297FB4C600246242 /* ForgetVC.xib in Resources */,
				1DF176F029852F7A005809C6 /* PastEventTVC.xib in Resources */,
				353C6113281213A600CC8B7F /* LaunchScreen.storyboard in Resources */,
				353C6110281213A600CC8B7F /* Assets.xcassets in Resources */,
				1D0BDEE329826EE700CC2030 /* VounteerTVC.xib in Resources */,
				353C610E281213A500CC8B7F /* Main.storyboard in Resources */,
				1D144301298404ED001F3B15 /* EventVC.xib in Resources */,
				353C614E28140B6B00CC8B7F /* ENTALDHomeViewController.xib in Resources */,
				1D0BDED4298258BB00CC2030 /* MessageVC.xib in Resources */,
				359E9C77282EA58E001E3D73 /* ENTALDOffersViewController.xib in Resources */,
				359E9C16282B7077001E3D73 /* ENTALDLocalizable.strings in Resources */,
				E4B2EF0C297C57EB00D05014 /* Quicksand-Bold.ttf in Resources */,
				1D0BDEDE29826EC700CC2030 /* VounteerVC.xib in Resources */,
				E4B2EF10297C57EB00D05014 /* Quicksand-Light.ttf in Resources */,
				1D0BDED92982645400CC2030 /* MessageTVC.xib in Resources */,
				E47F99BD297DC8F900BF793B /* DashboardVC.xib in Resources */,
				1D1442FC2983E69B001F3B15 /* PendingShiftTVC.xib in Resources */,
				359E9C35282D47C2001E3D73 /* onBoardingJson.json in Resources */,
				1D4DE855297FBC4000246242 /* CSDashBoardVC.xib in Resources */,
				E4B2EF0D297C57EB00D05014 /* Quicksand-SemiBold.ttf in Resources */,
				1D4DE85A297FC4BA00246242 /* CSDashBaordCVC.xib in Resources */,
				353C6180281678F900CC8B7F /* splash_loading2.gif in Resources */,
				E4B2EF0E297C57EB00D05014 /* Quicksand-Regular.ttf in Resources */,
			);
			runOnlyForDeploymentPostprocessing = 0;
		};
		353C6117281213A600CC8B7F /* Resources */ = {
			isa = PBXResourcesBuildPhase;
			buildActionMask = 2147483647;
			files = (
			);
			runOnlyForDeploymentPostprocessing = 0;
		};
		353C6121281213A600CC8B7F /* Resources */ = {
			isa = PBXResourcesBuildPhase;
			buildActionMask = 2147483647;
			files = (
			);
			runOnlyForDeploymentPostprocessing = 0;
		};
/* End PBXResourcesBuildPhase section */

/* Begin PBXShellScriptBuildPhase section */
		0DD0194E2B1EBEC3266B0417 /* [CP] Check Pods Manifest.lock */ = {
			isa = PBXShellScriptBuildPhase;
			buildActionMask = 2147483647;
			files = (
			);
			inputFileListPaths = (
			);
			inputPaths = (
				"${PODS_PODFILE_DIR_PATH}/Podfile.lock",
				"${PODS_ROOT}/Manifest.lock",
			);
			name = "[CP] Check Pods Manifest.lock";
			outputFileListPaths = (
			);
			outputPaths = (
				"$(DERIVED_FILE_DIR)/Pods-StJhonsAmbulance-StJhonsAmbulanceUITests-checkManifestLockResult.txt",
			);
			runOnlyForDeploymentPostprocessing = 0;
			shellPath = /bin/sh;
			shellScript = "diff \"${PODS_PODFILE_DIR_PATH}/Podfile.lock\" \"${PODS_ROOT}/Manifest.lock\" > /dev/null\nif [ $? != 0 ] ; then\n    # print error to STDERR\n    echo \"error: The sandbox is not in sync with the Podfile.lock. Run 'pod install' or update your CocoaPods installation.\" >&2\n    exit 1\nfi\n# This output is used by Xcode 'outputs' to avoid re-running this script phase.\necho \"SUCCESS\" > \"${SCRIPT_OUTPUT_FILE_0}\"\n";
			showEnvVarsInLog = 0;
		};
		16F58CB031FFADB5F8031C16 /* [CP] Embed Pods Frameworks */ = {
			isa = PBXShellScriptBuildPhase;
			buildActionMask = 2147483647;
			files = (
			);
			inputFileListPaths = (
				"${PODS_ROOT}/Target Support Files/Pods-StJhonsAmbulance-StJhonsAmbulanceUITests/Pods-StJhonsAmbulance-StJhonsAmbulanceUITests-frameworks-${CONFIGURATION}-input-files.xcfilelist",
			);
			name = "[CP] Embed Pods Frameworks";
			outputFileListPaths = (
				"${PODS_ROOT}/Target Support Files/Pods-StJhonsAmbulance-StJhonsAmbulanceUITests/Pods-StJhonsAmbulance-StJhonsAmbulanceUITests-frameworks-${CONFIGURATION}-output-files.xcfilelist",
			);
			runOnlyForDeploymentPostprocessing = 0;
			shellPath = /bin/sh;
			shellScript = "\"${PODS_ROOT}/Target Support Files/Pods-StJhonsAmbulance-StJhonsAmbulanceUITests/Pods-StJhonsAmbulance-StJhonsAmbulanceUITests-frameworks.sh\"\n";
			showEnvVarsInLog = 0;
		};
		61EA0D543859FD60A32DDBC3 /* [CP] Check Pods Manifest.lock */ = {
			isa = PBXShellScriptBuildPhase;
			buildActionMask = 2147483647;
			files = (
			);
			inputFileListPaths = (
			);
			inputPaths = (
				"${PODS_PODFILE_DIR_PATH}/Podfile.lock",
				"${PODS_ROOT}/Manifest.lock",
			);
			name = "[CP] Check Pods Manifest.lock";
			outputFileListPaths = (
			);
			outputPaths = (
				"$(DERIVED_FILE_DIR)/Pods-StJhonsAmbulance-checkManifestLockResult.txt",
			);
			runOnlyForDeploymentPostprocessing = 0;
			shellPath = /bin/sh;
			shellScript = "diff \"${PODS_PODFILE_DIR_PATH}/Podfile.lock\" \"${PODS_ROOT}/Manifest.lock\" > /dev/null\nif [ $? != 0 ] ; then\n    # print error to STDERR\n    echo \"error: The sandbox is not in sync with the Podfile.lock. Run 'pod install' or update your CocoaPods installation.\" >&2\n    exit 1\nfi\n# This output is used by Xcode 'outputs' to avoid re-running this script phase.\necho \"SUCCESS\" > \"${SCRIPT_OUTPUT_FILE_0}\"\n";
			showEnvVarsInLog = 0;
		};
		9195C037EA9D30AE89D17B09 /* [CP] Check Pods Manifest.lock */ = {
			isa = PBXShellScriptBuildPhase;
			buildActionMask = 2147483647;
			files = (
			);
			inputFileListPaths = (
			);
			inputPaths = (
				"${PODS_PODFILE_DIR_PATH}/Podfile.lock",
				"${PODS_ROOT}/Manifest.lock",
			);
			name = "[CP] Check Pods Manifest.lock";
			outputFileListPaths = (
			);
			outputPaths = (
				"$(DERIVED_FILE_DIR)/Pods-StJhonsAmbulanceTests-checkManifestLockResult.txt",
			);
			runOnlyForDeploymentPostprocessing = 0;
			shellPath = /bin/sh;
			shellScript = "diff \"${PODS_PODFILE_DIR_PATH}/Podfile.lock\" \"${PODS_ROOT}/Manifest.lock\" > /dev/null\nif [ $? != 0 ] ; then\n    # print error to STDERR\n    echo \"error: The sandbox is not in sync with the Podfile.lock. Run 'pod install' or update your CocoaPods installation.\" >&2\n    exit 1\nfi\n# This output is used by Xcode 'outputs' to avoid re-running this script phase.\necho \"SUCCESS\" > \"${SCRIPT_OUTPUT_FILE_0}\"\n";
			showEnvVarsInLog = 0;
		};
		97013DD7CB49596A8E090C2B /* [CP] Embed Pods Frameworks */ = {
			isa = PBXShellScriptBuildPhase;
			buildActionMask = 2147483647;
			files = (
			);
			inputFileListPaths = (
				"${PODS_ROOT}/Target Support Files/Pods-StJhonsAmbulance/Pods-StJhonsAmbulance-frameworks-${CONFIGURATION}-input-files.xcfilelist",
			);
			name = "[CP] Embed Pods Frameworks";
			outputFileListPaths = (
				"${PODS_ROOT}/Target Support Files/Pods-StJhonsAmbulance/Pods-StJhonsAmbulance-frameworks-${CONFIGURATION}-output-files.xcfilelist",
			);
			runOnlyForDeploymentPostprocessing = 0;
			shellPath = /bin/sh;
			shellScript = "\"${PODS_ROOT}/Target Support Files/Pods-StJhonsAmbulance/Pods-StJhonsAmbulance-frameworks.sh\"\n";
			showEnvVarsInLog = 0;
		};
/* End PBXShellScriptBuildPhase section */

/* Begin PBXSourcesBuildPhase section */
		353C60FF281213A500CC8B7F /* Sources */ = {
			isa = PBXSourcesBuildPhase;
			buildActionMask = 2147483647;
			files = (
				359E9C5D282E455F001E3D73 /* CoreTableView.swift in Sources */,
				1D0BDED82982645400CC2030 /* MessageTVC.swift in Sources */,
				1D4DE854297FBC4000246242 /* CSDashBoardVC.swift in Sources */,
				353C617D2814CFEF00CC8B7F /* NSBundle+Extension.swift in Sources */,
				1DF176E929852448005809C6 /* PendingEventTVC.swift in Sources */,
				353C61452813EF9600CC8B7F /* ENTALDAppConfig.swift in Sources */,
				353C618C2816AC1C00CC8B7F /* ENTALDAPIUtils.swift in Sources */,
				359E9C5C282E455F001E3D73 /* CoreTableHeaderFooterView.swift in Sources */,
				353C61A32817D7B600CC8B7F /* ENTALDHelperUtils.swift in Sources */,
				359E9C67282E455F001E3D73 /* CoreButton.swift in Sources */,
				E4B2EF04297C4D9C00D05014 /* Router.swift in Sources */,
				359E9C5F282E455F001E3D73 /* CoreCollectionView.swift in Sources */,
				1DF176E32985241D005809C6 /* PendingEventVC.swift in Sources */,
				1DF176EF29852F7A005809C6 /* PastEventTVC.swift in Sources */,
				359E9C60282E455F001E3D73 /* CoreCollectionViewCell.swift in Sources */,
				1DF176F2298904BA005809C6 /* PendingShiftResponseModel.swift in Sources */,
				E48359A8297D6527008CBFFF /* LoadingView.swift in Sources */,
				359E9C62282E455F001E3D73 /* CoreRefreshControl.swift in Sources */,
				1D4DE844297FB4C600246242 /* LandingVC.swift in Sources */,
				1D4DE850297FB57300246242 /* ACFloatingTextfield.swift in Sources */,
				359E9C5E282E455F001E3D73 /* CoreTableViewCell.swift in Sources */,
				1D4DE842297FB4C600246242 /* ForgetVC.swift in Sources */,
				E48359B7297D7887008CBFFF /* Algorithm.m in Sources */,
				1D0BDEE229826EE700CC2030 /* VounteerTVC.swift in Sources */,
				353C6107281213A500CC8B7F /* AppDelegate.swift in Sources */,
				1DF1770029893ECA005809C6 /* MessageModel.swift in Sources */,
				E48359C0297E6C68008CBFFF /* LandingRouter.swift in Sources */,
				1D1443052984051C001F3B15 /* EventTVC.swift in Sources */,
				E4F7CB12297E121000428A4E /* SideMenuTVC.swift in Sources */,
				E48359AE297D6B44008CBFFF /* AuthResponseModel.swift in Sources */,
				359E9C76282EA58E001E3D73 /* ENTALDOffersViewController.swift in Sources */,
				1D4DE84E297FB51C00246242 /* Validate.swift in Sources */,
				1D144300298404ED001F3B15 /* EventVC.swift in Sources */,
				1D0BDEDD29826EC700CC2030 /* VounteerVC.swift in Sources */,
				E48359AB297D66E3008CBFFF /* AuthRequestModel.swift in Sources */,
				1D4DE84D297FB51C00246242 /* NSString.swift in Sources */,
				359E9C33282D46D9001E3D73 /* ENTALDDummyDataUtils.swift in Sources */,
				1D1442F62983E67C001F3B15 /* PendingShiftVC.swift in Sources */,
				353C61662814815C00CC8B7F /* ENTALDBaseNavigationController.swift in Sources */,
				353C615F2814685900CC8B7F /* ENTALDControllers.swift in Sources */,
				E48359B6297D7887008CBFFF /* Jwt.m in Sources */,
				359E9C1A282B71AC001E3D73 /* ENTALDString+Extension.swift in Sources */,
				353C615A28140D5800CC8B7F /* ENTALDBaseViewController.swift in Sources */,
				1DF1770229893ED8005809C6 /* VolunteerModel.swift in Sources */,
				353C619A2817D56500CC8B7F /* ENTALDDictionary+Extension.swift in Sources */,
				E48359D429811189008CBFFF /* LandingGroupsModel.swift in Sources */,
				353C61472813F0CE00CC8B7F /* ENTALDAPIConfig.swift in Sources */,
				359E9C6D282E7914001E3D73 /* ENTALDUIImageView+Extension.swift in Sources */,
				E48359BE297DCDE5008CBFFF /* UserDefault+Extension.swift in Sources */,
				353C6109281213A500CC8B7F /* SceneDelegate.swift in Sources */,
				353C61492813F16900CC8B7F /* ENTALDConst.swift in Sources */,
				E48359DB29813459008CBFFF /* ProcessUtils.swift in Sources */,
				353C618E2816B07900CC8B7F /* ENTALDNetworkRequest.swift in Sources */,
				353C61882816A2EF00CC8B7F /* ENTALDAPIErrorUtil.swift in Sources */,
				359E9C70282EA32F001E3D73 /* ENTALDTabbarViewController.swift in Sources */,
				E47F99BC297DC8F900BF793B /* DashboardVC.swift in Sources */,
				359E9C6B282E6DE4001E3D73 /* ENTALDUIColor+Extension.swift in Sources */,
				353C618A2816A7F500CC8B7F /* ENTALDHttpClient.swift in Sources */,
				359E9C20282B812D001E3D73 /* ENTALDAlertView.swift in Sources */,
				359E9C65282E455F001E3D73 /* CoreLabel.swift in Sources */,
				353C61822816931000CC8B7F /* ENTALDLibraryAPI.swift in Sources */,
				1DF176FE29893E52005809C6 /* EventsModel.swift in Sources */,
				E4B2EF16297C633C00D05014 /* LoginVC.swift in Sources */,
				1D4DE84C297FB51C00246242 /* UIButton.swift in Sources */,
				353C61842816948500CC8B7F /* ENTALDAPIConst.swift in Sources */,
				1D00A0D2298AB19000700418 /* CSDashBoardRouter.swift in Sources */,
				353C614D28140B6B00CC8B7F /* ENTALDHomeViewController.swift in Sources */,
				1DF176F629892078005809C6 /* DateFormatter.swift in Sources */,
				1D4DE84A297FB51C00246242 /* NSURL.swift in Sources */,
				1D0BDED3298258BB00CC2030 /* MessageVC.swift in Sources */,
				359E9C66282E455F001E3D73 /* CoreTextField.swift in Sources */,
				1D4DE85D297FE33C00246242 /* CommonModel.swift in Sources */,
				E48359D829812AAF008CBFFF /* PickerViewController.swift in Sources */,
				359E9C64282E455F001E3D73 /* CoreControls.swift in Sources */,
				E4F7CB0F297E121000428A4E /* SideMenuVC.swift in Sources */,
				1D1442FB2983E69B001F3B15 /* PendingShiftTVC.swift in Sources */,
				353C61642814810700CC8B7F /* UIApplication+Extension.swift in Sources */,
				359E9C69282E4B34001E3D73 /* ENNTALDUIView+Extension.swift in Sources */,
				353C6186281695DD00CC8B7F /* ENTALDDevicesUtil.swift in Sources */,
				359E9C24282B96F2001E3D73 /* CommonEnums.swift in Sources */,
				E4B2EF06297C50AC00D05014 /* LoginRouter.swift in Sources */,
				359E9C1C282B7598001E3D73 /* ENTALDUIFont+Extension.swift in Sources */,
				1DF176FC29893B40005809C6 /* EventRouter.swift in Sources */,
				1D4DE859297FC4BA00246242 /* CSDashBaordCVC.swift in Sources */,
			);
			runOnlyForDeploymentPostprocessing = 0;
		};
		353C6115281213A600CC8B7F /* Sources */ = {
			isa = PBXSourcesBuildPhase;
			buildActionMask = 2147483647;
			files = (
			);
			runOnlyForDeploymentPostprocessing = 0;
		};
		353C611F281213A600CC8B7F /* Sources */ = {
			isa = PBXSourcesBuildPhase;
			buildActionMask = 2147483647;
			files = (
			);
			runOnlyForDeploymentPostprocessing = 0;
		};
/* End PBXSourcesBuildPhase section */

/* Begin PBXTargetDependency section */
		353C611B281213A600CC8B7F /* PBXTargetDependency */ = {
			isa = PBXTargetDependency;
			target = 353C6102281213A500CC8B7F /* StJhonsAmbulance */;
			targetProxy = 353C611A281213A600CC8B7F /* PBXContainerItemProxy */;
		};
		353C6125281213A600CC8B7F /* PBXTargetDependency */ = {
			isa = PBXTargetDependency;
			target = 353C6102281213A500CC8B7F /* StJhonsAmbulance */;
			targetProxy = 353C6124281213A600CC8B7F /* PBXContainerItemProxy */;
		};
/* End PBXTargetDependency section */

/* Begin PBXVariantGroup section */
		353C610C281213A500CC8B7F /* Main.storyboard */ = {
			isa = PBXVariantGroup;
			children = (
				353C610D281213A500CC8B7F /* Base */,
			);
			name = Main.storyboard;
			sourceTree = "<group>";
		};
		353C6111281213A600CC8B7F /* LaunchScreen.storyboard */ = {
			isa = PBXVariantGroup;
			children = (
				353C6112281213A600CC8B7F /* Base */,
			);
			name = LaunchScreen.storyboard;
			sourceTree = "<group>";
		};
		359E9C18282B7077001E3D73 /* ENTALDLocalizable.strings */ = {
			isa = PBXVariantGroup;
			children = (
				359E9C17282B7077001E3D73 /* en */,
			);
			name = ENTALDLocalizable.strings;
			sourceTree = "<group>";
		};
/* End PBXVariantGroup section */

/* Begin XCBuildConfiguration section */
		353C612B281213A600CC8B7F /* Debug */ = {
			isa = XCBuildConfiguration;
			buildSettings = {
				ALWAYS_SEARCH_USER_PATHS = NO;
				CLANG_ANALYZER_NONNULL = YES;
				CLANG_ANALYZER_NUMBER_OBJECT_CONVERSION = YES_AGGRESSIVE;
				CLANG_CXX_LANGUAGE_STANDARD = "gnu++17";
				CLANG_CXX_LIBRARY = "libc++";
				CLANG_ENABLE_MODULES = YES;
				CLANG_ENABLE_OBJC_ARC = YES;
				CLANG_ENABLE_OBJC_WEAK = YES;
				CLANG_WARN_BLOCK_CAPTURE_AUTORELEASING = YES;
				CLANG_WARN_BOOL_CONVERSION = YES;
				CLANG_WARN_COMMA = YES;
				CLANG_WARN_CONSTANT_CONVERSION = YES;
				CLANG_WARN_DEPRECATED_OBJC_IMPLEMENTATIONS = YES;
				CLANG_WARN_DIRECT_OBJC_ISA_USAGE = YES_ERROR;
				CLANG_WARN_DOCUMENTATION_COMMENTS = YES;
				CLANG_WARN_EMPTY_BODY = YES;
				CLANG_WARN_ENUM_CONVERSION = YES;
				CLANG_WARN_INFINITE_RECURSION = YES;
				CLANG_WARN_INT_CONVERSION = YES;
				CLANG_WARN_NON_LITERAL_NULL_CONVERSION = YES;
				CLANG_WARN_OBJC_IMPLICIT_RETAIN_SELF = YES;
				CLANG_WARN_OBJC_LITERAL_CONVERSION = YES;
				CLANG_WARN_OBJC_ROOT_CLASS = YES_ERROR;
				CLANG_WARN_QUOTED_INCLUDE_IN_FRAMEWORK_HEADER = YES;
				CLANG_WARN_RANGE_LOOP_ANALYSIS = YES;
				CLANG_WARN_STRICT_PROTOTYPES = YES;
				CLANG_WARN_SUSPICIOUS_MOVE = YES;
				CLANG_WARN_UNGUARDED_AVAILABILITY = YES_AGGRESSIVE;
				CLANG_WARN_UNREACHABLE_CODE = YES;
				CLANG_WARN__DUPLICATE_METHOD_MATCH = YES;
				COPY_PHASE_STRIP = NO;
				DEBUG_INFORMATION_FORMAT = dwarf;
				ENABLE_STRICT_OBJC_MSGSEND = YES;
				ENABLE_TESTABILITY = YES;
				GCC_C_LANGUAGE_STANDARD = gnu11;
				GCC_DYNAMIC_NO_PIC = NO;
				GCC_NO_COMMON_BLOCKS = YES;
				GCC_OPTIMIZATION_LEVEL = 0;
				GCC_PREPROCESSOR_DEFINITIONS = (
					"DEBUG=1",
					"$(inherited)",
				);
				GCC_WARN_64_TO_32_BIT_CONVERSION = YES;
				GCC_WARN_ABOUT_RETURN_TYPE = YES_ERROR;
				GCC_WARN_UNDECLARED_SELECTOR = YES;
				GCC_WARN_UNINITIALIZED_AUTOS = YES_AGGRESSIVE;
				GCC_WARN_UNUSED_FUNCTION = YES;
				GCC_WARN_UNUSED_VARIABLE = YES;
				IPHONEOS_DEPLOYMENT_TARGET = 13.0;
				MTL_ENABLE_DEBUG_INFO = INCLUDE_SOURCE;
				MTL_FAST_MATH = YES;
				ONLY_ACTIVE_ARCH = YES;
				SDKROOT = iphoneos;
				SWIFT_ACTIVE_COMPILATION_CONDITIONS = DEBUG;
				SWIFT_OPTIMIZATION_LEVEL = "-Onone";
			};
			name = Debug;
		};
		353C612C281213A600CC8B7F /* Release */ = {
			isa = XCBuildConfiguration;
			buildSettings = {
				ALWAYS_SEARCH_USER_PATHS = NO;
				CLANG_ANALYZER_NONNULL = YES;
				CLANG_ANALYZER_NUMBER_OBJECT_CONVERSION = YES_AGGRESSIVE;
				CLANG_CXX_LANGUAGE_STANDARD = "gnu++17";
				CLANG_CXX_LIBRARY = "libc++";
				CLANG_ENABLE_MODULES = YES;
				CLANG_ENABLE_OBJC_ARC = YES;
				CLANG_ENABLE_OBJC_WEAK = YES;
				CLANG_WARN_BLOCK_CAPTURE_AUTORELEASING = YES;
				CLANG_WARN_BOOL_CONVERSION = YES;
				CLANG_WARN_COMMA = YES;
				CLANG_WARN_CONSTANT_CONVERSION = YES;
				CLANG_WARN_DEPRECATED_OBJC_IMPLEMENTATIONS = YES;
				CLANG_WARN_DIRECT_OBJC_ISA_USAGE = YES_ERROR;
				CLANG_WARN_DOCUMENTATION_COMMENTS = YES;
				CLANG_WARN_EMPTY_BODY = YES;
				CLANG_WARN_ENUM_CONVERSION = YES;
				CLANG_WARN_INFINITE_RECURSION = YES;
				CLANG_WARN_INT_CONVERSION = YES;
				CLANG_WARN_NON_LITERAL_NULL_CONVERSION = YES;
				CLANG_WARN_OBJC_IMPLICIT_RETAIN_SELF = YES;
				CLANG_WARN_OBJC_LITERAL_CONVERSION = YES;
				CLANG_WARN_OBJC_ROOT_CLASS = YES_ERROR;
				CLANG_WARN_QUOTED_INCLUDE_IN_FRAMEWORK_HEADER = YES;
				CLANG_WARN_RANGE_LOOP_ANALYSIS = YES;
				CLANG_WARN_STRICT_PROTOTYPES = YES;
				CLANG_WARN_SUSPICIOUS_MOVE = YES;
				CLANG_WARN_UNGUARDED_AVAILABILITY = YES_AGGRESSIVE;
				CLANG_WARN_UNREACHABLE_CODE = YES;
				CLANG_WARN__DUPLICATE_METHOD_MATCH = YES;
				COPY_PHASE_STRIP = NO;
				DEBUG_INFORMATION_FORMAT = "dwarf-with-dsym";
				ENABLE_NS_ASSERTIONS = NO;
				ENABLE_STRICT_OBJC_MSGSEND = YES;
				GCC_C_LANGUAGE_STANDARD = gnu11;
				GCC_NO_COMMON_BLOCKS = YES;
				GCC_WARN_64_TO_32_BIT_CONVERSION = YES;
				GCC_WARN_ABOUT_RETURN_TYPE = YES_ERROR;
				GCC_WARN_UNDECLARED_SELECTOR = YES;
				GCC_WARN_UNINITIALIZED_AUTOS = YES_AGGRESSIVE;
				GCC_WARN_UNUSED_FUNCTION = YES;
				GCC_WARN_UNUSED_VARIABLE = YES;
				IPHONEOS_DEPLOYMENT_TARGET = 13.0;
				MTL_ENABLE_DEBUG_INFO = NO;
				MTL_FAST_MATH = YES;
				SDKROOT = iphoneos;
				SWIFT_COMPILATION_MODE = wholemodule;
				SWIFT_OPTIMIZATION_LEVEL = "-O";
				VALIDATE_PRODUCT = YES;
			};
			name = Release;
		};
		353C612E281213A600CC8B7F /* Debug */ = {
			isa = XCBuildConfiguration;
			baseConfigurationReference = 230A8997ED08A9DC21CB28B9 /* Pods-StJhonsAmbulance.debug.xcconfig */;
			buildSettings = {
				ASSETCATALOG_COMPILER_APPICON_NAME = AppIcon;
				ASSETCATALOG_COMPILER_GLOBAL_ACCENT_COLOR_NAME = AccentColor;
				"CODE_SIGN_IDENTITY[sdk=iphoneos*]" = "iPhone Developer";
				CODE_SIGN_STYLE = Manual;
				CURRENT_PROJECT_VERSION = 1;
				DEVELOPMENT_TEAM = "";
				"DEVELOPMENT_TEAM[sdk=iphoneos*]" = P8ZPS8BTF5;
				GENERATE_INFOPLIST_FILE = YES;
				INFOPLIST_FILE = StJhonsAmbulance/StJhons_info.plist;
				INFOPLIST_KEY_CFBundleDisplayName = "St. Jhon";
				INFOPLIST_KEY_UIApplicationSupportsIndirectInputEvents = YES;
				INFOPLIST_KEY_UILaunchStoryboardName = LaunchScreen;
				INFOPLIST_KEY_UIMainStoryboardFile = Main;
				INFOPLIST_KEY_UISupportedInterfaceOrientations_iPad = "UIInterfaceOrientationPortrait UIInterfaceOrientationPortraitUpsideDown UIInterfaceOrientationLandscapeLeft UIInterfaceOrientationLandscapeRight";
				INFOPLIST_KEY_UISupportedInterfaceOrientations_iPhone = "UIInterfaceOrientationPortrait UIInterfaceOrientationLandscapeLeft UIInterfaceOrientationLandscapeRight";
				LD_RUNPATH_SEARCH_PATHS = (
					"$(inherited)",
					"@executable_path/Frameworks",
				);
				MARKETING_VERSION = 1.0;
				PRODUCT_BUNDLE_IDENTIFIER = com.STJohn.Ambulance;
				PRODUCT_NAME = "$(TARGET_NAME)";
				PROVISIONING_PROFILE_SPECIFIER = "";
				"PROVISIONING_PROFILE_SPECIFIER[sdk=iphoneos*]" = "ST John Development";
				SWIFT_EMIT_LOC_STRINGS = YES;
				SWIFT_OBJC_BRIDGING_HEADER = "StJhonsAmbulance/StJhonsAmbulance-Bridging-Header.h";
				SWIFT_VERSION = 5.0;
				TARGETED_DEVICE_FAMILY = 1;
			};
			name = Debug;
		};
		353C612F281213A600CC8B7F /* Release */ = {
			isa = XCBuildConfiguration;
			baseConfigurationReference = E2A3F7E87047CECA4F259EFD /* Pods-StJhonsAmbulance.release.xcconfig */;
			buildSettings = {
				ASSETCATALOG_COMPILER_APPICON_NAME = AppIcon;
				ASSETCATALOG_COMPILER_GLOBAL_ACCENT_COLOR_NAME = AccentColor;
				CODE_SIGN_IDENTITY = "iPhone Distribution";
				"CODE_SIGN_IDENTITY[sdk=iphoneos*]" = "iPhone Distribution";
				CODE_SIGN_STYLE = Manual;
				CURRENT_PROJECT_VERSION = 1;
				DEVELOPMENT_TEAM = "";
				"DEVELOPMENT_TEAM[sdk=iphoneos*]" = P8ZPS8BTF5;
				GENERATE_INFOPLIST_FILE = YES;
				INFOPLIST_FILE = StJhonsAmbulance/StJhons_info.plist;
				INFOPLIST_KEY_CFBundleDisplayName = "St. Jhon";
				INFOPLIST_KEY_UIApplicationSupportsIndirectInputEvents = YES;
				INFOPLIST_KEY_UILaunchStoryboardName = LaunchScreen;
				INFOPLIST_KEY_UIMainStoryboardFile = Main;
				INFOPLIST_KEY_UISupportedInterfaceOrientations_iPad = "UIInterfaceOrientationPortrait UIInterfaceOrientationPortraitUpsideDown UIInterfaceOrientationLandscapeLeft UIInterfaceOrientationLandscapeRight";
				INFOPLIST_KEY_UISupportedInterfaceOrientations_iPhone = "UIInterfaceOrientationPortrait UIInterfaceOrientationLandscapeLeft UIInterfaceOrientationLandscapeRight";
				LD_RUNPATH_SEARCH_PATHS = (
					"$(inherited)",
					"@executable_path/Frameworks",
				);
				MARKETING_VERSION = 1.0;
				PRODUCT_BUNDLE_IDENTIFIER = com.STJohn.Ambulance;
				PRODUCT_NAME = "$(TARGET_NAME)";
				PROVISIONING_PROFILE_SPECIFIER = "";
				"PROVISIONING_PROFILE_SPECIFIER[sdk=iphoneos*]" = "ST John Distribution";
				SWIFT_EMIT_LOC_STRINGS = YES;
				SWIFT_OBJC_BRIDGING_HEADER = "StJhonsAmbulance/StJhonsAmbulance-Bridging-Header.h";
				SWIFT_VERSION = 5.0;
				TARGETED_DEVICE_FAMILY = 1;
			};
			name = Release;
		};
		353C6131281213A600CC8B7F /* Debug */ = {
			isa = XCBuildConfiguration;
			baseConfigurationReference = C1369C353180B1370CB1D661 /* Pods-StJhonsAmbulanceTests.debug.xcconfig */;
			buildSettings = {
				ALWAYS_EMBED_SWIFT_STANDARD_LIBRARIES = YES;
				BUNDLE_LOADER = "$(TEST_HOST)";
				CODE_SIGN_STYLE = Automatic;
				CURRENT_PROJECT_VERSION = 1;
				DEVELOPMENT_TEAM = 4LQ3S67N3W;
				GENERATE_INFOPLIST_FILE = YES;
				IPHONEOS_DEPLOYMENT_TARGET = 15.0;
				LD_RUNPATH_SEARCH_PATHS = (
					"$(inherited)",
					"@executable_path/Frameworks",
					"@loader_path/Frameworks",
				);
				MARKETING_VERSION = 1.0;
				PRODUCT_BUNDLE_IDENTIFIER = com.theetertainer.adro.ENTADROTests;
				PRODUCT_NAME = "$(TARGET_NAME)";
				SWIFT_EMIT_LOC_STRINGS = NO;
				SWIFT_VERSION = 5.0;
				TARGETED_DEVICE_FAMILY = "1,2";
				TEST_HOST = "$(BUILT_PRODUCTS_DIR)/StJhonsAmbulance.app/StJhonsAmbulance";
			};
			name = Debug;
		};
		353C6132281213A600CC8B7F /* Release */ = {
			isa = XCBuildConfiguration;
			baseConfigurationReference = 17C9EFF5DCD181366AD8E0B7 /* Pods-StJhonsAmbulanceTests.release.xcconfig */;
			buildSettings = {
				ALWAYS_EMBED_SWIFT_STANDARD_LIBRARIES = YES;
				BUNDLE_LOADER = "$(TEST_HOST)";
				CODE_SIGN_STYLE = Automatic;
				CURRENT_PROJECT_VERSION = 1;
				DEVELOPMENT_TEAM = 4LQ3S67N3W;
				GENERATE_INFOPLIST_FILE = YES;
				IPHONEOS_DEPLOYMENT_TARGET = 15.0;
				LD_RUNPATH_SEARCH_PATHS = (
					"$(inherited)",
					"@executable_path/Frameworks",
					"@loader_path/Frameworks",
				);
				MARKETING_VERSION = 1.0;
				PRODUCT_BUNDLE_IDENTIFIER = com.theetertainer.adro.ENTADROTests;
				PRODUCT_NAME = "$(TARGET_NAME)";
				SWIFT_EMIT_LOC_STRINGS = NO;
				SWIFT_VERSION = 5.0;
				TARGETED_DEVICE_FAMILY = "1,2";
				TEST_HOST = "$(BUILT_PRODUCTS_DIR)/StJhonsAmbulance.app/StJhonsAmbulance";
			};
			name = Release;
		};
		353C6134281213A600CC8B7F /* Debug */ = {
			isa = XCBuildConfiguration;
			baseConfigurationReference = 754673A58EE4B8DBA401C2B5 /* Pods-StJhonsAmbulance-StJhonsAmbulanceUITests.debug.xcconfig */;
			buildSettings = {
				ALWAYS_EMBED_SWIFT_STANDARD_LIBRARIES = YES;
				CODE_SIGN_STYLE = Automatic;
				CURRENT_PROJECT_VERSION = 1;
				DEVELOPMENT_TEAM = 4LQ3S67N3W;
				GENERATE_INFOPLIST_FILE = YES;
				LD_RUNPATH_SEARCH_PATHS = (
					"$(inherited)",
					"@executable_path/Frameworks",
					"@loader_path/Frameworks",
				);
				MARKETING_VERSION = 1.0;
				PRODUCT_BUNDLE_IDENTIFIER = com.theetertainer.adro.ENTADROUITests;
				PRODUCT_NAME = "$(TARGET_NAME)";
				SWIFT_EMIT_LOC_STRINGS = NO;
				SWIFT_VERSION = 5.0;
				TARGETED_DEVICE_FAMILY = "1,2";
				TEST_TARGET_NAME = ENTADRO;
			};
			name = Debug;
		};
		353C6135281213A600CC8B7F /* Release */ = {
			isa = XCBuildConfiguration;
			baseConfigurationReference = 75C42544C2CA5A5AE834CABC /* Pods-StJhonsAmbulance-StJhonsAmbulanceUITests.release.xcconfig */;
			buildSettings = {
				ALWAYS_EMBED_SWIFT_STANDARD_LIBRARIES = YES;
				CODE_SIGN_STYLE = Automatic;
				CURRENT_PROJECT_VERSION = 1;
				DEVELOPMENT_TEAM = 4LQ3S67N3W;
				GENERATE_INFOPLIST_FILE = YES;
				LD_RUNPATH_SEARCH_PATHS = (
					"$(inherited)",
					"@executable_path/Frameworks",
					"@loader_path/Frameworks",
				);
				MARKETING_VERSION = 1.0;
				PRODUCT_BUNDLE_IDENTIFIER = com.theetertainer.adro.ENTADROUITests;
				PRODUCT_NAME = "$(TARGET_NAME)";
				SWIFT_EMIT_LOC_STRINGS = NO;
				SWIFT_VERSION = 5.0;
				TARGETED_DEVICE_FAMILY = "1,2";
				TEST_TARGET_NAME = ENTADRO;
			};
			name = Release;
		};
/* End XCBuildConfiguration section */

/* Begin XCConfigurationList section */
		353C60FE281213A500CC8B7F /* Build configuration list for PBXProject "StJhonsAmbulance" */ = {
			isa = XCConfigurationList;
			buildConfigurations = (
				353C612B281213A600CC8B7F /* Debug */,
				353C612C281213A600CC8B7F /* Release */,
			);
			defaultConfigurationIsVisible = 0;
			defaultConfigurationName = Release;
		};
		353C612D281213A600CC8B7F /* Build configuration list for PBXNativeTarget "StJhonsAmbulance" */ = {
			isa = XCConfigurationList;
			buildConfigurations = (
				353C612E281213A600CC8B7F /* Debug */,
				353C612F281213A600CC8B7F /* Release */,
			);
			defaultConfigurationIsVisible = 0;
			defaultConfigurationName = Release;
		};
		353C6130281213A600CC8B7F /* Build configuration list for PBXNativeTarget "StJhonsAmbulanceTests" */ = {
			isa = XCConfigurationList;
			buildConfigurations = (
				353C6131281213A600CC8B7F /* Debug */,
				353C6132281213A600CC8B7F /* Release */,
			);
			defaultConfigurationIsVisible = 0;
			defaultConfigurationName = Release;
		};
		353C6133281213A600CC8B7F /* Build configuration list for PBXNativeTarget "StJhonsAmbulanceUITests" */ = {
			isa = XCConfigurationList;
			buildConfigurations = (
				353C6134281213A600CC8B7F /* Debug */,
				353C6135281213A600CC8B7F /* Release */,
			);
			defaultConfigurationIsVisible = 0;
			defaultConfigurationName = Release;
		};
/* End XCConfigurationList section */
	};
	rootObject = 353C60FB281213A500CC8B7F /* Project object */;
}
